// !$*UTF8*$!
{
	archiveVersion = 1;
	classes = {
	};
	objectVersion = 46;
	objects = {

/* Begin PBXBuildFile section */
		7F16868C1951DC5B00CEBEBF /* AppDelegate.swift in Sources */ = {isa = PBXBuildFile; fileRef = 7F16868B1951DC5B00CEBEBF /* AppDelegate.swift */; };
		7F16868E1951DC5B00CEBEBF /* ViewController.swift in Sources */ = {isa = PBXBuildFile; fileRef = 7F16868D1951DC5B00CEBEBF /* ViewController.swift */; };
		7F1686911951DC5B00CEBEBF /* Main.storyboard in Resources */ = {isa = PBXBuildFile; fileRef = 7F16868F1951DC5B00CEBEBF /* Main.storyboard */; };
		7F1686931951DC5B00CEBEBF /* Images.xcassets in Resources */ = {isa = PBXBuildFile; fileRef = 7F1686921951DC5B00CEBEBF /* Images.xcassets */; };
		7F16869F1951DC5B00CEBEBF /* LearnHelloTests.swift in Sources */ = {isa = PBXBuildFile; fileRef = 7F16869E1951DC5B00CEBEBF /* LearnHelloTests.swift */; };
/* End PBXBuildFile section */

/* Begin PBXContainerItemProxy section */
		7F1686991951DC5B00CEBEBF /* PBXContainerItemProxy */ = {
			isa = PBXContainerItemProxy;
			containerPortal = 7F16867E1951DC5B00CEBEBF /* Project object */;
			proxyType = 1;
			remoteGlobalIDString = 7F1686851951DC5B00CEBEBF;
			remoteInfo = LearnHello;
		};
/* End PBXContainerItemProxy section */

/* Begin PBXFileReference section */
		7F1686861951DC5B00CEBEBF /* LearnHello.app */ = {isa = PBXFileReference; explicitFileType = wrapper.application; includeInIndex = 0; path = LearnHello.app; sourceTree = BUILT_PRODUCTS_DIR; };
		7F16868A1951DC5B00CEBEBF /* Info.plist */ = {isa = PBXFileReference; lastKnownFileType = text.plist.xml; path = Info.plist; sourceTree = "<group>"; };
		7F16868B1951DC5B00CEBEBF /* AppDelegate.swift */ = {isa = PBXFileReference; lastKnownFileType = sourcecode.swift; path = AppDelegate.swift; sourceTree = "<group>"; };
		7F16868D1951DC5B00CEBEBF /* ViewController.swift */ = {isa = PBXFileReference; lastKnownFileType = sourcecode.swift; path = ViewController.swift; sourceTree = "<group>"; };
		7F1686901951DC5B00CEBEBF /* Base */ = {isa = PBXFileReference; lastKnownFileType = file.storyboard; name = Base; path = Base.lproj/Main.storyboard; sourceTree = "<group>"; };
		7F1686921951DC5B00CEBEBF /* Images.xcassets */ = {isa = PBXFileReference; lastKnownFileType = folder.assetcatalog; path = Images.xcassets; sourceTree = "<group>"; };
		7F1686981951DC5B00CEBEBF /* LearnHelloTests.xctest */ = {isa = PBXFileReference; explicitFileType = wrapper.cfbundle; includeInIndex = 0; path = LearnHelloTests.xctest; sourceTree = BUILT_PRODUCTS_DIR; };
		7F16869D1951DC5B00CEBEBF /* Info.plist */ = {isa = PBXFileReference; lastKnownFileType = text.plist.xml; path = Info.plist; sourceTree = "<group>"; };
		7F16869E1951DC5B00CEBEBF /* LearnHelloTests.swift */ = {isa = PBXFileReference; lastKnownFileType = sourcecode.swift; path = LearnHelloTests.swift; sourceTree = "<group>"; };
/* End PBXFileReference section */

/* Begin PBXFrameworksBuildPhase section */
		7F1686831951DC5B00CEBEBF /* Frameworks */ = {
			isa = PBXFrameworksBuildPhase;
			buildActionMask = 2147483647;
			files = (
			);
			runOnlyForDeploymentPostprocessing = 0;
		};
		7F1686951951DC5B00CEBEBF /* Frameworks */ = {
			isa = PBXFrameworksBuildPhase;
			buildActionMask = 2147483647;
			files = (
			);
			runOnlyForDeploymentPostprocessing = 0;
		};
/* End PBXFrameworksBuildPhase section */

/* Begin PBXGroup section */
		7F16867D1951DC5B00CEBEBF = {
			isa = PBXGroup;
			children = (
				7F1686881951DC5B00CEBEBF /* LearnHello */,
				7F16869B1951DC5B00CEBEBF /* LearnHelloTests */,
				7F1686871951DC5B00CEBEBF /* Products */,
			);
			sourceTree = "<group>";
		};
		7F1686871951DC5B00CEBEBF /* Products */ = {
			isa = PBXGroup;
			children = (
				7F1686861951DC5B00CEBEBF /* LearnHello.app */,
				7F1686981951DC5B00CEBEBF /* LearnHelloTests.xctest */,
			);
			name = Products;
			sourceTree = "<group>";
		};
		7F1686881951DC5B00CEBEBF /* LearnHello */ = {
			isa = PBXGroup;
			children = (
				7F16868B1951DC5B00CEBEBF /* AppDelegate.swift */,
				7F16868D1951DC5B00CEBEBF /* ViewController.swift */,
				7F16868F1951DC5B00CEBEBF /* Main.storyboard */,
				7F1686921951DC5B00CEBEBF /* Images.xcassets */,
				7F1686891951DC5B00CEBEBF /* Supporting Files */,
			);
			path = LearnHello;
			sourceTree = "<group>";
		};
		7F1686891951DC5B00CEBEBF /* Supporting Files */ = {
			isa = PBXGroup;
			children = (
				7F16868A1951DC5B00CEBEBF /* Info.plist */,
			);
			name = "Supporting Files";
			sourceTree = "<group>";
		};
		7F16869B1951DC5B00CEBEBF /* LearnHelloTests */ = {
			isa = PBXGroup;
			children = (
				7F16869E1951DC5B00CEBEBF /* LearnHelloTests.swift */,
				7F16869C1951DC5B00CEBEBF /* Supporting Files */,
			);
			path = LearnHelloTests;
			sourceTree = "<group>";
		};
		7F16869C1951DC5B00CEBEBF /* Supporting Files */ = {
			isa = PBXGroup;
			children = (
				7F16869D1951DC5B00CEBEBF /* Info.plist */,
			);
			name = "Supporting Files";
			sourceTree = "<group>";
		};
/* End PBXGroup section */

/* Begin PBXNativeTarget section */
		7F1686851951DC5B00CEBEBF /* LearnHello */ = {
			isa = PBXNativeTarget;
			buildConfigurationList = 7F1686A21951DC5B00CEBEBF /* Build configuration list for PBXNativeTarget "LearnHello" */;
			buildPhases = (
				7F1686821951DC5B00CEBEBF /* Sources */,
				7F1686831951DC5B00CEBEBF /* Frameworks */,
				7F1686841951DC5B00CEBEBF /* Resources */,
			);
			buildRules = (
			);
			dependencies = (
			);
			name = LearnHello;
			productName = LearnHello;
			productReference = 7F1686861951DC5B00CEBEBF /* LearnHello.app */;
			productType = "com.apple.product-type.application";
		};
		7F1686971951DC5B00CEBEBF /* LearnHelloTests */ = {
			isa = PBXNativeTarget;
			buildConfigurationList = 7F1686A51951DC5B00CEBEBF /* Build configuration list for PBXNativeTarget "LearnHelloTests" */;
			buildPhases = (
				7F1686941951DC5B00CEBEBF /* Sources */,
				7F1686951951DC5B00CEBEBF /* Frameworks */,
				7F1686961951DC5B00CEBEBF /* Resources */,
			);
			buildRules = (
			);
			dependencies = (
				7F16869A1951DC5B00CEBEBF /* PBXTargetDependency */,
			);
			name = LearnHelloTests;
			productName = LearnHelloTests;
			productReference = 7F1686981951DC5B00CEBEBF /* LearnHelloTests.xctest */;
			productType = "com.apple.product-type.bundle.unit-test";
		};
/* End PBXNativeTarget section */

/* Begin PBXProject section */
		7F16867E1951DC5B00CEBEBF /* Project object */ = {
			isa = PBXProject;
			attributes = {
				LastUpgradeCheck = 0600;
				ORGANIZATIONNAME = WangChao;
				TargetAttributes = {
					7F1686851951DC5B00CEBEBF = {
						CreatedOnToolsVersion = 6.0;
					};
					7F1686971951DC5B00CEBEBF = {
						CreatedOnToolsVersion = 6.0;
						TestTargetID = 7F1686851951DC5B00CEBEBF;
					};
				};
			};
			buildConfigurationList = 7F1686811951DC5B00CEBEBF /* Build configuration list for PBXProject "LearnHello" */;
			compatibilityVersion = "Xcode 3.2";
			developmentRegion = English;
			hasScannedForEncodings = 0;
			knownRegions = (
				en,
				Base,
			);
			mainGroup = 7F16867D1951DC5B00CEBEBF;
			productRefGroup = 7F1686871951DC5B00CEBEBF /* Products */;
			projectDirPath = "";
			projectRoot = "";
			targets = (
				7F1686851951DC5B00CEBEBF /* LearnHello */,
				7F1686971951DC5B00CEBEBF /* LearnHelloTests */,
			);
		};
/* End PBXProject section */

/* Begin PBXResourcesBuildPhase section */
		7F1686841951DC5B00CEBEBF /* Resources */ = {
			isa = PBXResourcesBuildPhase;
			buildActionMask = 2147483647;
			files = (
				7F1686911951DC5B00CEBEBF /* Main.storyboard in Resources */,
				7F1686931951DC5B00CEBEBF /* Images.xcassets in Resources */,
			);
			runOnlyForDeploymentPostprocessing = 0;
		};
		7F1686961951DC5B00CEBEBF /* Resources */ = {
			isa = PBXResourcesBuildPhase;
			buildActionMask = 2147483647;
			files = (
			);
			runOnlyForDeploymentPostprocessing = 0;
		};
/* End PBXResourcesBuildPhase section */

/* Begin PBXSourcesBuildPhase section */
		7F1686821951DC5B00CEBEBF /* Sources */ = {
			isa = PBXSourcesBuildPhase;
			buildActionMask = 2147483647;
			files = (
				7F16868E1951DC5B00CEBEBF /* ViewController.swift in Sources */,
				7F16868C1951DC5B00CEBEBF /* AppDelegate.swift in Sources */,
			);
			runOnlyForDeploymentPostprocessing = 0;
		};
		7F1686941951DC5B00CEBEBF /* Sources */ = {
			isa = PBXSourcesBuildPhase;
			buildActionMask = 2147483647;
			files = (
				7F16869F1951DC5B00CEBEBF /* LearnHelloTests.swift in Sources */,
			);
			runOnlyForDeploymentPostprocessing = 0;
		};
/* End PBXSourcesBuildPhase section */

/* Begin PBXTargetDependency section */
		7F16869A1951DC5B00CEBEBF /* PBXTargetDependency */ = {
			isa = PBXTargetDependency;
			target = 7F1686851951DC5B00CEBEBF /* LearnHello */;
			targetProxy = 7F1686991951DC5B00CEBEBF /* PBXContainerItemProxy */;
		};
/* End PBXTargetDependency section */

/* Begin PBXVariantGroup section */
		7F16868F1951DC5B00CEBEBF /* Main.storyboard */ = {
			isa = PBXVariantGroup;
			children = (
				7F1686901951DC5B00CEBEBF /* Base */,
			);
			name = Main.storyboard;
			sourceTree = "<group>";
		};
/* End PBXVariantGroup section */

/* Begin XCBuildConfiguration section */
		7F1686A01951DC5B00CEBEBF /* Debug */ = {
			isa = XCBuildConfiguration;
			buildSettings = {
				ALWAYS_SEARCH_USER_PATHS = NO;
				CLANG_CXX_LANGUAGE_STANDARD = "gnu++0x";
				CLANG_CXX_LIBRARY = "libc++";
				CLANG_ENABLE_MODULES = YES;
				CLANG_ENABLE_OBJC_ARC = YES;
				CLANG_WARN_BOOL_CONVERSION = YES;
				CLANG_WARN_CONSTANT_CONVERSION = YES;
				CLANG_WARN_DIRECT_OBJC_ISA_USAGE = YES_ERROR;
				CLANG_WARN_EMPTY_BODY = YES;
				CLANG_WARN_ENUM_CONVERSION = YES;
				CLANG_WARN_INT_CONVERSION = YES;
				CLANG_WARN_OBJC_ROOT_CLASS = YES_ERROR;
				CLANG_WARN_UNREACHABLE_CODE = YES;
				CLANG_WARN__DUPLICATE_METHOD_MATCH = YES;
				"CODE_SIGN_IDENTITY[sdk=iphoneos*]" = "iPhone Developer";
				COPY_PHASE_STRIP = NO;
				ENABLE_STRICT_OBJC_MSGSEND = YES;
				GCC_C_LANGUAGE_STANDARD = gnu99;
				GCC_DYNAMIC_NO_PIC = NO;
				GCC_OPTIMIZATION_LEVEL = 0;
				GCC_PREPROCESSOR_DEFINITIONS = (
					"DEBUG=1",
					"$(inherited)",
				);
				GCC_SYMBOLS_PRIVATE_EXTERN = NO;
				GCC_WARN_64_TO_32_BIT_CONVERSION = YES;
				GCC_WARN_ABOUT_RETURN_TYPE = YES_ERROR;
				GCC_WARN_UNDECLARED_SELECTOR = YES;
				GCC_WARN_UNINITIALIZED_AUTOS = YES_AGGRESSIVE;
				GCC_WARN_UNUSED_FUNCTION = YES;
				GCC_WARN_UNUSED_VARIABLE = YES;
				IPHONEOS_DEPLOYMENT_TARGET = 8.0;
				METAL_ENABLE_DEBUG_INFO = YES;
				ONLY_ACTIVE_ARCH = YES;
				SDKROOT = iphoneos;
				SWIFT_OPTIMIZATION_LEVEL = "-Onone";
			};
			name = Debug;
		};
		7F1686A11951DC5B00CEBEBF /* Release */ = {
			isa = XCBuildConfiguration;
			buildSettings = {
				ALWAYS_SEARCH_USER_PATHS = NO;
				CLANG_CXX_LANGUAGE_STANDARD = "gnu++0x";
				CLANG_CXX_LIBRARY = "libc++";
				CLANG_ENABLE_MODULES = YES;
				CLANG_ENABLE_OBJC_ARC = YES;
				CLANG_WARN_BOOL_CONVERSION = YES;
				CLANG_WARN_CONSTANT_CONVERSION = YES;
				CLANG_WARN_DIRECT_OBJC_ISA_USAGE = YES_ERROR;
				CLANG_WARN_EMPTY_BODY = YES;
				CLANG_WARN_ENUM_CONVERSION = YES;
				CLANG_WARN_INT_CONVERSION = YES;
				CLANG_WARN_OBJC_ROOT_CLASS = YES_ERROR;
				CLANG_WARN_UNREACHABLE_CODE = YES;
				CLANG_WARN__DUPLICATE_METHOD_MATCH = YES;
				"CODE_SIGN_IDENTITY[sdk=iphoneos*]" = "iPhone Developer";
				COPY_PHASE_STRIP = YES;
				ENABLE_NS_ASSERTIONS = NO;
				ENABLE_STRICT_OBJC_MSGSEND = YES;
				GCC_C_LANGUAGE_STANDARD = gnu99;
				GCC_WARN_64_TO_32_BIT_CONVERSION = YES;
				GCC_WARN_ABOUT_RETURN_TYPE = YES_ERROR;
				GCC_WARN_UNDECLARED_SELECTOR = YES;
				GCC_WARN_UNINITIALIZED_AUTOS = YES_AGGRESSIVE;
				GCC_WARN_UNUSED_FUNCTION = YES;
				GCC_WARN_UNUSED_VARIABLE = YES;
				IPHONEOS_DEPLOYMENT_TARGET = 8.0;
				METAL_ENABLE_DEBUG_INFO = NO;
				SDKROOT = iphoneos;
				VALIDATE_PRODUCT = YES;
			};
			name = Release;
		};
		7F1686A31951DC5B00CEBEBF /* Debug */ = {
			isa = XCBuildConfiguration;
			buildSettings = {
				ASSETCATALOG_COMPILER_APPICON_NAME = AppIcon;
				ASSETCATALOG_COMPILER_LAUNCHIMAGE_NAME = LaunchImage;
				INFOPLIST_FILE = LearnHello/Info.plist;
				LD_RUNPATH_SEARCH_PATHS = "$(inherited) @executable_path/Frameworks";
				PRODUCT_NAME = "$(TARGET_NAME)";
			};
			name = Debug;
		};
		7F1686A41951DC5B00CEBEBF /* Release */ = {
			isa = XCBuildConfiguration;
			buildSettings = {
				ASSETCATALOG_COMPILER_APPICON_NAME = AppIcon;
				ASSETCATALOG_COMPILER_LAUNCHIMAGE_NAME = LaunchImage;
				INFOPLIST_FILE = LearnHello/Info.plist;
				LD_RUNPATH_SEARCH_PATHS = "$(inherited) @executable_path/Frameworks";
				PRODUCT_NAME = "$(TARGET_NAME)";
			};
			name = Release;
		};
		7F1686A61951DC5B00CEBEBF /* Debug */ = {
			isa = XCBuildConfiguration;
			buildSettings = {
				BUNDLE_LOADER = "$(BUILT_PRODUCTS_DIR)/LearnHello.app/LearnHello";
				FRAMEWORK_SEARCH_PATHS = (
					"$(SDKROOT)/Developer/Library/Frameworks",
					"$(inherited)",
				);
				GCC_PREPROCESSOR_DEFINITIONS = (
					"DEBUG=1",
					"$(inherited)",
				);
				INFOPLIST_FILE = LearnHelloTests/Info.plist;
				LD_RUNPATH_SEARCH_PATHS = "$(inherited) @executable_path/Frameworks @loader_path/Frameworks";
				METAL_ENABLE_DEBUG_INFO = YES;
				PRODUCT_NAME = "$(TARGET_NAME)";
				TEST_HOST = "$(BUNDLE_LOADER)";
			};
			name = Debug;
		};
		7F1686A71951DC5B00CEBEBF /* Release */ = {
			isa = XCBuildConfiguration;
			buildSettings = {
				BUNDLE_LOADER = "$(BUILT_PRODUCTS_DIR)/LearnHello.app/LearnHello";
				FRAMEWORK_SEARCH_PATHS = (
					"$(SDKROOT)/Developer/Library/Frameworks",
					"$(inherited)",
				);
				INFOPLIST_FILE = LearnHelloTests/Info.plist;
				LD_RUNPATH_SEARCH_PATHS = "$(inherited) @executable_path/Frameworks @loader_path/Frameworks";
				METAL_ENABLE_DEBUG_INFO = NO;
				PRODUCT_NAME = "$(TARGET_NAME)";
				TEST_HOST = "$(BUNDLE_LOADER)";
			};
			name = Release;
		};
/* End XCBuildConfiguration section */

/* Begin XCConfigurationList section */
		7F1686811951DC5B00CEBEBF /* Build configuration list for PBXProject "LearnHello" */ = {
			isa = XCConfigurationList;
			buildConfigurations = (
				7F1686A01951DC5B00CEBEBF /* Debug */,
				7F1686A11951DC5B00CEBEBF /* Release */,
			);
			defaultConfigurationIsVisible = 0;
			defaultConfigurationName = Release;
		};
		7F1686A21951DC5B00CEBEBF /* Build configuration list for PBXNativeTarget "LearnHello" */ = {
			isa = XCConfigurationList;
			buildConfigurations = (
				7F1686A31951DC5B00CEBEBF /* Debug */,
				7F1686A41951DC5B00CEBEBF /* Release */,
			);
			defaultConfigurationIsVisible = 0;
		};
		7F1686A51951DC5B00CEBEBF /* Build configuration list for PBXNativeTarget "LearnHelloTests" */ = {
			isa = XCConfigurationList;
			buildConfigurations = (
				7F1686A61951DC5B00CEBEBF /* Debug */,
				7F1686A71951DC5B00CEBEBF /* Release */,
			);
			defaultConfigurationIsVisible = 0;
		};
/* End XCConfigurationList section */
	};
	rootObject = 7F16867E1951DC5B00CEBEBF /* Project object */;
}
