// !$*UTF8*$!
{
	archiveVersion = 1;
	classes = {
	};
	objectVersion = 46;
	objects = {

/* Begin PBXBuildFile section */
		4B4EE2CD1B1EDCC500C66696 /* main.m in Sources */ = {isa = PBXBuildFile; fileRef = 4B4EE2CC1B1EDCC500C66696 /* main.m */; };
		4B4EE2D01B1EDCC500C66696 /* AppDelegate.m in Sources */ = {isa = PBXBuildFile; fileRef = 4B4EE2CF1B1EDCC500C66696 /* AppDelegate.m */; };
		4B4EE2D31B1EDCC500C66696 /* ViewController.m in Sources */ = {isa = PBXBuildFile; fileRef = 4B4EE2D21B1EDCC500C66696 /* ViewController.m */; };
		4B4EE2D61B1EDCC500C66696 /* Main.storyboard in Resources */ = {isa = PBXBuildFile; fileRef = 4B4EE2D41B1EDCC500C66696 /* Main.storyboard */; };
		4B4EE2D81B1EDCC500C66696 /* Images.xcassets in Resources */ = {isa = PBXBuildFile; fileRef = 4B4EE2D71B1EDCC500C66696 /* Images.xcassets */; };
		4B4EE2DB1B1EDCC500C66696 /* LaunchScreen.xib in Resources */ = {isa = PBXBuildFile; fileRef = 4B4EE2D91B1EDCC500C66696 /* LaunchScreen.xib */; };
		4B4EE2E71B1EDCC500C66696 /* TestStoryBoardTests.m in Sources */ = {isa = PBXBuildFile; fileRef = 4B4EE2E61B1EDCC500C66696 /* TestStoryBoardTests.m */; };
		4B4EE2F41B20297F00C66696 /* PlayerViewController.m in Sources */ = {isa = PBXBuildFile; fileRef = 4B4EE2F31B20297F00C66696 /* PlayerViewController.m */; };
		4B4EE2F71B202AFD00C66696 /* Player.m in Sources */ = {isa = PBXBuildFile; fileRef = 4B4EE2F61B202AFD00C66696 /* Player.m */; };
		4B4EE2FA1B21A32A00C66696 /* PlayerCell.m in Sources */ = {isa = PBXBuildFile; fileRef = 4B4EE2F91B21A32A00C66696 /* PlayerCell.m */; };
		4B4EE2FD1B21AB7700C66696 /* PlayerDetailsViewController.m in Sources */ = {isa = PBXBuildFile; fileRef = 4B4EE2FC1B21AB7700C66696 /* PlayerDetailsViewController.m */; };
/* End PBXBuildFile section */

/* Begin PBXContainerItemProxy section */
		4B4EE2E11B1EDCC500C66696 /* PBXContainerItemProxy */ = {
			isa = PBXContainerItemProxy;
			containerPortal = 4B4EE2BF1B1EDCC500C66696 /* Project object */;
			proxyType = 1;
			remoteGlobalIDString = 4B4EE2C61B1EDCC500C66696;
			remoteInfo = TestStoryBoard;
		};
/* End PBXContainerItemProxy section */

/* Begin PBXFileReference section */
		4B4EE2C71B1EDCC500C66696 /* TestStoryBoard.app */ = {isa = PBXFileReference; explicitFileType = wrapper.application; includeInIndex = 0; path = TestStoryBoard.app; sourceTree = BUILT_PRODUCTS_DIR; };
		4B4EE2CB1B1EDCC500C66696 /* Info.plist */ = {isa = PBXFileReference; lastKnownFileType = text.plist.xml; path = Info.plist; sourceTree = "<group>"; };
		4B4EE2CC1B1EDCC500C66696 /* main.m */ = {isa = PBXFileReference; lastKnownFileType = sourcecode.c.objc; path = main.m; sourceTree = "<group>"; };
		4B4EE2CE1B1EDCC500C66696 /* AppDelegate.h */ = {isa = PBXFileReference; lastKnownFileType = sourcecode.c.h; path = AppDelegate.h; sourceTree = "<group>"; };
		4B4EE2CF1B1EDCC500C66696 /* AppDelegate.m */ = {isa = PBXFileReference; lastKnownFileType = sourcecode.c.objc; path = AppDelegate.m; sourceTree = "<group>"; };
		4B4EE2D11B1EDCC500C66696 /* ViewController.h */ = {isa = PBXFileReference; lastKnownFileType = sourcecode.c.h; path = ViewController.h; sourceTree = "<group>"; };
		4B4EE2D21B1EDCC500C66696 /* ViewController.m */ = {isa = PBXFileReference; lastKnownFileType = sourcecode.c.objc; path = ViewController.m; sourceTree = "<group>"; };
		4B4EE2D51B1EDCC500C66696 /* Base */ = {isa = PBXFileReference; lastKnownFileType = file.storyboard; name = Base; path = Base.lproj/Main.storyboard; sourceTree = "<group>"; };
		4B4EE2D71B1EDCC500C66696 /* Images.xcassets */ = {isa = PBXFileReference; lastKnownFileType = folder.assetcatalog; path = Images.xcassets; sourceTree = "<group>"; };
		4B4EE2DA1B1EDCC500C66696 /* Base */ = {isa = PBXFileReference; lastKnownFileType = file.xib; name = Base; path = Base.lproj/LaunchScreen.xib; sourceTree = "<group>"; };
		4B4EE2E01B1EDCC500C66696 /* TestStoryBoardTests.xctest */ = {isa = PBXFileReference; explicitFileType = wrapper.cfbundle; includeInIndex = 0; path = TestStoryBoardTests.xctest; sourceTree = BUILT_PRODUCTS_DIR; };
		4B4EE2E51B1EDCC500C66696 /* Info.plist */ = {isa = PBXFileReference; lastKnownFileType = text.plist.xml; path = Info.plist; sourceTree = "<group>"; };
		4B4EE2E61B1EDCC500C66696 /* TestStoryBoardTests.m */ = {isa = PBXFileReference; lastKnownFileType = sourcecode.c.objc; path = TestStoryBoardTests.m; sourceTree = "<group>"; };
		4B4EE2F21B20297F00C66696 /* PlayerViewController.h */ = {isa = PBXFileReference; fileEncoding = 4; lastKnownFileType = sourcecode.c.h; path = PlayerViewController.h; sourceTree = "<group>"; };
		4B4EE2F31B20297F00C66696 /* PlayerViewController.m */ = {isa = PBXFileReference; fileEncoding = 4; lastKnownFileType = sourcecode.c.objc; path = PlayerViewController.m; sourceTree = "<group>"; };
		4B4EE2F51B202AFD00C66696 /* Player.h */ = {isa = PBXFileReference; fileEncoding = 4; lastKnownFileType = sourcecode.c.h; path = Player.h; sourceTree = "<group>"; };
		4B4EE2F61B202AFD00C66696 /* Player.m */ = {isa = PBXFileReference; fileEncoding = 4; lastKnownFileType = sourcecode.c.objc; path = Player.m; sourceTree = "<group>"; };
		4B4EE2F81B21A32A00C66696 /* PlayerCell.h */ = {isa = PBXFileReference; fileEncoding = 4; lastKnownFileType = sourcecode.c.h; path = PlayerCell.h; sourceTree = "<group>"; };
		4B4EE2F91B21A32A00C66696 /* PlayerCell.m */ = {isa = PBXFileReference; fileEncoding = 4; lastKnownFileType = sourcecode.c.objc; path = PlayerCell.m; sourceTree = "<group>"; };
		4B4EE2FB1B21AB7700C66696 /* PlayerDetailsViewController.h */ = {isa = PBXFileReference; fileEncoding = 4; lastKnownFileType = sourcecode.c.h; path = PlayerDetailsViewController.h; sourceTree = "<group>"; };
		4B4EE2FC1B21AB7700C66696 /* PlayerDetailsViewController.m */ = {isa = PBXFileReference; fileEncoding = 4; lastKnownFileType = sourcecode.c.objc; path = PlayerDetailsViewController.m; sourceTree = "<group>"; };
/* End PBXFileReference section */

/* Begin PBXFrameworksBuildPhase section */
		4B4EE2C41B1EDCC500C66696 /* Frameworks */ = {
			isa = PBXFrameworksBuildPhase;
			buildActionMask = 2147483647;
			files = (
			);
			runOnlyForDeploymentPostprocessing = 0;
		};
		4B4EE2DD1B1EDCC500C66696 /* Frameworks */ = {
			isa = PBXFrameworksBuildPhase;
			buildActionMask = 2147483647;
			files = (
			);
			runOnlyForDeploymentPostprocessing = 0;
		};
/* End PBXFrameworksBuildPhase section */

/* Begin PBXGroup section */
		4B4EE2BE1B1EDCC500C66696 = {
			isa = PBXGroup;
			children = (
				4B4EE2C91B1EDCC500C66696 /* TestStoryBoard */,
				4B4EE2E31B1EDCC500C66696 /* TestStoryBoardTests */,
				4B4EE2C81B1EDCC500C66696 /* Products */,
			);
			sourceTree = "<group>";
		};
		4B4EE2C81B1EDCC500C66696 /* Products */ = {
			isa = PBXGroup;
			children = (
				4B4EE2C71B1EDCC500C66696 /* TestStoryBoard.app */,
				4B4EE2E01B1EDCC500C66696 /* TestStoryBoardTests.xctest */,
			);
			name = Products;
			sourceTree = "<group>";
		};
		4B4EE2C91B1EDCC500C66696 /* TestStoryBoard */ = {
			isa = PBXGroup;
			children = (
				4B4EE2CE1B1EDCC500C66696 /* AppDelegate.h */,
				4B4EE2CF1B1EDCC500C66696 /* AppDelegate.m */,
				4B4EE2D11B1EDCC500C66696 /* ViewController.h */,
				4B4EE2D21B1EDCC500C66696 /* ViewController.m */,
				4B4EE2F21B20297F00C66696 /* PlayerViewController.h */,
				4B4EE2F31B20297F00C66696 /* PlayerViewController.m */,
				4B4EE2FB1B21AB7700C66696 /* PlayerDetailsViewController.h */,
				4B4EE2FC1B21AB7700C66696 /* PlayerDetailsViewController.m */,
				4B4EE2F51B202AFD00C66696 /* Player.h */,
				4B4EE2F61B202AFD00C66696 /* Player.m */,
				4B4EE2F81B21A32A00C66696 /* PlayerCell.h */,
				4B4EE2F91B21A32A00C66696 /* PlayerCell.m */,
				4B4EE2D41B1EDCC500C66696 /* Main.storyboard */,
				4B4EE2D71B1EDCC500C66696 /* Images.xcassets */,
				4B4EE2D91B1EDCC500C66696 /* LaunchScreen.xib */,
				4B4EE2CA1B1EDCC500C66696 /* Supporting Files */,
			);
			path = TestStoryBoard;
			sourceTree = "<group>";
		};
		4B4EE2CA1B1EDCC500C66696 /* Supporting Files */ = {
			isa = PBXGroup;
			children = (
				4B4EE2CB1B1EDCC500C66696 /* Info.plist */,
				4B4EE2CC1B1EDCC500C66696 /* main.m */,
			);
			name = "Supporting Files";
			sourceTree = "<group>";
		};
		4B4EE2E31B1EDCC500C66696 /* TestStoryBoardTests */ = {
			isa = PBXGroup;
			children = (
				4B4EE2E61B1EDCC500C66696 /* TestStoryBoardTests.m */,
				4B4EE2E41B1EDCC500C66696 /* Supporting Files */,
			);
			path = TestStoryBoardTests;
			sourceTree = "<group>";
		};
		4B4EE2E41B1EDCC500C66696 /* Supporting Files */ = {
			isa = PBXGroup;
			children = (
				4B4EE2E51B1EDCC500C66696 /* Info.plist */,
			);
			name = "Supporting Files";
			sourceTree = "<group>";
		};
/* End PBXGroup section */

/* Begin PBXNativeTarget section */
		4B4EE2C61B1EDCC500C66696 /* TestStoryBoard */ = {
			isa = PBXNativeTarget;
			buildConfigurationList = 4B4EE2EA1B1EDCC500C66696 /* Build configuration list for PBXNativeTarget "TestStoryBoard" */;
			buildPhases = (
				4B4EE2C31B1EDCC500C66696 /* Sources */,
				4B4EE2C41B1EDCC500C66696 /* Frameworks */,
				4B4EE2C51B1EDCC500C66696 /* Resources */,
			);
			buildRules = (
			);
			dependencies = (
			);
			name = TestStoryBoard;
			productName = TestStoryBoard;
			productReference = 4B4EE2C71B1EDCC500C66696 /* TestStoryBoard.app */;
			productType = "com.apple.product-type.application";
		};
		4B4EE2DF1B1EDCC500C66696 /* TestStoryBoardTests */ = {
			isa = PBXNativeTarget;
			buildConfigurationList = 4B4EE2ED1B1EDCC500C66696 /* Build configuration list for PBXNativeTarget "TestStoryBoardTests" */;
			buildPhases = (
				4B4EE2DC1B1EDCC500C66696 /* Sources */,
				4B4EE2DD1B1EDCC500C66696 /* Frameworks */,
				4B4EE2DE1B1EDCC500C66696 /* Resources */,
			);
			buildRules = (
			);
			dependencies = (
				4B4EE2E21B1EDCC500C66696 /* PBXTargetDependency */,
			);
			name = TestStoryBoardTests;
			productName = TestStoryBoardTests;
			productReference = 4B4EE2E01B1EDCC500C66696 /* TestStoryBoardTests.xctest */;
			productType = "com.apple.product-type.bundle.unit-test";
		};
/* End PBXNativeTarget section */

/* Begin PBXProject section */
		4B4EE2BF1B1EDCC500C66696 /* Project object */ = {
			isa = PBXProject;
			attributes = {
				LastUpgradeCheck = 0630;
				ORGANIZATIONNAME = clark;
				TargetAttributes = {
					4B4EE2C61B1EDCC500C66696 = {
						CreatedOnToolsVersion = 6.3;
					};
					4B4EE2DF1B1EDCC500C66696 = {
						CreatedOnToolsVersion = 6.3;
						TestTargetID = 4B4EE2C61B1EDCC500C66696;
					};
				};
			};
			buildConfigurationList = 4B4EE2C21B1EDCC500C66696 /* Build configuration list for PBXProject "TestStoryBoard" */;
			compatibilityVersion = "Xcode 3.2";
			developmentRegion = English;
			hasScannedForEncodings = 0;
			knownRegions = (
				en,
				Base,
			);
			mainGroup = 4B4EE2BE1B1EDCC500C66696;
			productRefGroup = 4B4EE2C81B1EDCC500C66696 /* Products */;
			projectDirPath = "";
			projectRoot = "";
			targets = (
				4B4EE2C61B1EDCC500C66696 /* TestStoryBoard */,
				4B4EE2DF1B1EDCC500C66696 /* TestStoryBoardTests */,
			);
		};
/* End PBXProject section */

/* Begin PBXResourcesBuildPhase section */
		4B4EE2C51B1EDCC500C66696 /* Resources */ = {
			isa = PBXResourcesBuildPhase;
			buildActionMask = 2147483647;
			files = (
				4B4EE2D61B1EDCC500C66696 /* Main.storyboard in Resources */,
				4B4EE2DB1B1EDCC500C66696 /* LaunchScreen.xib in Resources */,
				4B4EE2D81B1EDCC500C66696 /* Images.xcassets in Resources */,
			);
			runOnlyForDeploymentPostprocessing = 0;
		};
		4B4EE2DE1B1EDCC500C66696 /* Resources */ = {
			isa = PBXResourcesBuildPhase;
			buildActionMask = 2147483647;
			files = (
			);
			runOnlyForDeploymentPostprocessing = 0;
		};
/* End PBXResourcesBuildPhase section */

/* Begin PBXSourcesBuildPhase section */
		4B4EE2C31B1EDCC500C66696 /* Sources */ = {
			isa = PBXSourcesBuildPhase;
			buildActionMask = 2147483647;
			files = (
				4B4EE2D31B1EDCC500C66696 /* ViewController.m in Sources */,
				4B4EE2F41B20297F00C66696 /* PlayerViewController.m in Sources */,
				4B4EE2D01B1EDCC500C66696 /* AppDelegate.m in Sources */,
				4B4EE2CD1B1EDCC500C66696 /* main.m in Sources */,
				4B4EE2FA1B21A32A00C66696 /* PlayerCell.m in Sources */,
				4B4EE2F71B202AFD00C66696 /* Player.m in Sources */,
				4B4EE2FD1B21AB7700C66696 /* PlayerDetailsViewController.m in Sources */,
			);
			runOnlyForDeploymentPostprocessing = 0;
		};
		4B4EE2DC1B1EDCC500C66696 /* Sources */ = {
			isa = PBXSourcesBuildPhase;
			buildActionMask = 2147483647;
			files = (
				4B4EE2E71B1EDCC500C66696 /* TestStoryBoardTests.m in Sources */,
			);
			runOnlyForDeploymentPostprocessing = 0;
		};
/* End PBXSourcesBuildPhase section */

/* Begin PBXTargetDependency section */
		4B4EE2E21B1EDCC500C66696 /* PBXTargetDependency */ = {
			isa = PBXTargetDependency;
			target = 4B4EE2C61B1EDCC500C66696 /* TestStoryBoard */;
			targetProxy = 4B4EE2E11B1EDCC500C66696 /* PBXContainerItemProxy */;
		};
/* End PBXTargetDependency section */

/* Begin PBXVariantGroup section */
		4B4EE2D41B1EDCC500C66696 /* Main.storyboard */ = {
			isa = PBXVariantGroup;
			children = (
				4B4EE2D51B1EDCC500C66696 /* Base */,
			);
			name = Main.storyboard;
			sourceTree = "<group>";
		};
		4B4EE2D91B1EDCC500C66696 /* LaunchScreen.xib */ = {
			isa = PBXVariantGroup;
			children = (
				4B4EE2DA1B1EDCC500C66696 /* Base */,
			);
			name = LaunchScreen.xib;
			sourceTree = "<group>";
		};
/* End PBXVariantGroup section */

/* Begin XCBuildConfiguration section */
		4B4EE2E81B1EDCC500C66696 /* Debug */ = {
			isa = XCBuildConfiguration;
			buildSettings = {
				ALWAYS_SEARCH_USER_PATHS = NO;
				CLANG_CXX_LANGUAGE_STANDARD = "gnu++0x";
				CLANG_CXX_LIBRARY = "libc++";
				CLANG_ENABLE_MODULES = YES;
				CLANG_ENABLE_OBJC_ARC = YES;
				CLANG_WARN_BOOL_CONVERSION = YES;
				CLANG_WARN_CONSTANT_CONVERSION = YES;
				CLANG_WARN_DIRECT_OBJC_ISA_USAGE = YES_ERROR;
				CLANG_WARN_EMPTY_BODY = YES;
				CLANG_WARN_ENUM_CONVERSION = YES;
				CLANG_WARN_INT_CONVERSION = YES;
				CLANG_WARN_OBJC_ROOT_CLASS = YES_ERROR;
				CLANG_WARN_UNREACHABLE_CODE = YES;
				CLANG_WARN__DUPLICATE_METHOD_MATCH = YES;
				"CODE_SIGN_IDENTITY[sdk=iphoneos*]" = "iPhone Developer";
				COPY_PHASE_STRIP = NO;
				DEBUG_INFORMATION_FORMAT = "dwarf-with-dsym";
				ENABLE_STRICT_OBJC_MSGSEND = YES;
				GCC_C_LANGUAGE_STANDARD = gnu99;
				GCC_DYNAMIC_NO_PIC = NO;
				GCC_NO_COMMON_BLOCKS = YES;
				GCC_OPTIMIZATION_LEVEL = 0;
				GCC_PREPROCESSOR_DEFINITIONS = (
					"DEBUG=1",
					"$(inherited)",
				);
				GCC_SYMBOLS_PRIVATE_EXTERN = NO;
				GCC_WARN_64_TO_32_BIT_CONVERSION = YES;
				GCC_WARN_ABOUT_RETURN_TYPE = YES_ERROR;
				GCC_WARN_UNDECLARED_SELECTOR = YES;
				GCC_WARN_UNINITIALIZED_AUTOS = YES_AGGRESSIVE;
				GCC_WARN_UNUSED_FUNCTION = YES;
				GCC_WARN_UNUSED_VARIABLE = YES;
				IPHONEOS_DEPLOYMENT_TARGET = 8.3;
				MTL_ENABLE_DEBUG_INFO = YES;
				ONLY_ACTIVE_ARCH = YES;
				SDKROOT = iphoneos;
				TARGETED_DEVICE_FAMILY = "1,2";
			};
			name = Debug;
		};
		4B4EE2E91B1EDCC500C66696 /* Release */ = {
			isa = XCBuildConfiguration;
			buildSettings = {
				ALWAYS_SEARCH_USER_PATHS = NO;
				CLANG_CXX_LANGUAGE_STANDARD = "gnu++0x";
				CLANG_CXX_LIBRARY = "libc++";
				CLANG_ENABLE_MODULES = YES;
				CLANG_ENABLE_OBJC_ARC = YES;
				CLANG_WARN_BOOL_CONVERSION = YES;
				CLANG_WARN_CONSTANT_CONVERSION = YES;
				CLANG_WARN_DIRECT_OBJC_ISA_USAGE = YES_ERROR;
				CLANG_WARN_EMPTY_BODY = YES;
				CLANG_WARN_ENUM_CONVERSION = YES;
				CLANG_WARN_INT_CONVERSION = YES;
				CLANG_WARN_OBJC_ROOT_CLASS = YES_ERROR;
				CLANG_WARN_UNREACHABLE_CODE = YES;
				CLANG_WARN__DUPLICATE_METHOD_MATCH = YES;
				"CODE_SIGN_IDENTITY[sdk=iphoneos*]" = "iPhone Developer";
				COPY_PHASE_STRIP = NO;
				DEBUG_INFORMATION_FORMAT = "dwarf-with-dsym";
				ENABLE_NS_ASSERTIONS = NO;
				ENABLE_STRICT_OBJC_MSGSEND = YES;
				GCC_C_LANGUAGE_STANDARD = gnu99;
				GCC_NO_COMMON_BLOCKS = YES;
				GCC_WARN_64_TO_32_BIT_CONVERSION = YES;
				GCC_WARN_ABOUT_RETURN_TYPE = YES_ERROR;
				GCC_WARN_UNDECLARED_SELECTOR = YES;
				GCC_WARN_UNINITIALIZED_AUTOS = YES_AGGRESSIVE;
				GCC_WARN_UNUSED_FUNCTION = YES;
				GCC_WARN_UNUSED_VARIABLE = YES;
				IPHONEOS_DEPLOYMENT_TARGET = 8.3;
				MTL_ENABLE_DEBUG_INFO = NO;
				SDKROOT = iphoneos;
				TARGETED_DEVICE_FAMILY = "1,2";
				VALIDATE_PRODUCT = YES;
			};
			name = Release;
		};
		4B4EE2EB1B1EDCC500C66696 /* Debug */ = {
			isa = XCBuildConfiguration;
			buildSettings = {
				ASSETCATALOG_COMPILER_APPICON_NAME = AppIcon;
				INFOPLIST_FILE = TestStoryBoard/Info.plist;
				LD_RUNPATH_SEARCH_PATHS = "$(inherited) @executable_path/Frameworks";
				PRODUCT_NAME = "$(TARGET_NAME)";
			};
			name = Debug;
		};
		4B4EE2EC1B1EDCC500C66696 /* Release */ = {
			isa = XCBuildConfiguration;
			buildSettings = {
				ASSETCATALOG_COMPILER_APPICON_NAME = AppIcon;
				INFOPLIST_FILE = TestStoryBoard/Info.plist;
				LD_RUNPATH_SEARCH_PATHS = "$(inherited) @executable_path/Frameworks";
				PRODUCT_NAME = "$(TARGET_NAME)";
			};
			name = Release;
		};
		4B4EE2EE1B1EDCC500C66696 /* Debug */ = {
			isa = XCBuildConfiguration;
			buildSettings = {
				BUNDLE_LOADER = "$(TEST_HOST)";
				FRAMEWORK_SEARCH_PATHS = (
					"$(SDKROOT)/Developer/Library/Frameworks",
					"$(inherited)",
				);
				GCC_PREPROCESSOR_DEFINITIONS = (
					"DEBUG=1",
					"$(inherited)",
				);
				INFOPLIST_FILE = TestStoryBoardTests/Info.plist;
				LD_RUNPATH_SEARCH_PATHS = "$(inherited) @executable_path/Frameworks @loader_path/Frameworks";
				PRODUCT_NAME = "$(TARGET_NAME)";
				TEST_HOST = "$(BUILT_PRODUCTS_DIR)/TestStoryBoard.app/TestStoryBoard";
			};
			name = Debug;
		};
		4B4EE2EF1B1EDCC500C66696 /* Release */ = {
			isa = XCBuildConfiguration;
			buildSettings = {
				BUNDLE_LOADER = "$(TEST_HOST)";
				FRAMEWORK_SEARCH_PATHS = (
					"$(SDKROOT)/Developer/Library/Frameworks",
					"$(inherited)",
				);
				INFOPLIST_FILE = TestStoryBoardTests/Info.plist;
				LD_RUNPATH_SEARCH_PATHS = "$(inherited) @executable_path/Frameworks @loader_path/Frameworks";
				PRODUCT_NAME = "$(TARGET_NAME)";
				TEST_HOST = "$(BUILT_PRODUCTS_DIR)/TestStoryBoard.app/TestStoryBoard";
			};
			name = Release;
		};
/* End XCBuildConfiguration section */

/* Begin XCConfigurationList section */
		4B4EE2C21B1EDCC500C66696 /* Build configuration list for PBXProject "TestStoryBoard" */ = {
			isa = XCConfigurationList;
			buildConfigurations = (
				4B4EE2E81B1EDCC500C66696 /* Debug */,
				4B4EE2E91B1EDCC500C66696 /* Release */,
			);
			defaultConfigurationIsVisible = 0;
			defaultConfigurationName = Release;
		};
		4B4EE2EA1B1EDCC500C66696 /* Build configuration list for PBXNativeTarget "TestStoryBoard" */ = {
			isa = XCConfigurationList;
			buildConfigurations = (
				4B4EE2EB1B1EDCC500C66696 /* Debug */,
				4B4EE2EC1B1EDCC500C66696 /* Release */,
			);
			defaultConfigurationIsVisible = 0;
			defaultConfigurationName = Release;
		};
		4B4EE2ED1B1EDCC500C66696 /* Build configuration list for PBXNativeTarget "TestStoryBoardTests" */ = {
			isa = XCConfigurationList;
			buildConfigurations = (
				4B4EE2EE1B1EDCC500C66696 /* Debug */,
				4B4EE2EF1B1EDCC500C66696 /* Release */,
			);
			defaultConfigurationIsVisible = 0;
			defaultConfigurationName = Release;
		};
/* End XCConfigurationList section */
	};
	rootObject = 4B4EE2BF1B1EDCC500C66696 /* Project object */;
}
