// !$*UTF8*$!
{
	archiveVersion = 1;
	classes = {
	};
	objectVersion = 46;
	objects = {

/* Begin PBXBuildFile section */
		7F099CCC198D258B00AB633C /* Foundation.framework in Frameworks */ = {isa = PBXBuildFile; fileRef = 7F099CCB198D258B00AB633C /* Foundation.framework */; };
		7F099CCE198D258B00AB633C /* CoreGraphics.framework in Frameworks */ = {isa = PBXBuildFile; fileRef = 7F099CCD198D258B00AB633C /* CoreGraphics.framework */; };
		7F099CD0198D258B00AB633C /* UIKit.framework in Frameworks */ = {isa = PBXBuildFile; fileRef = 7F099CCF198D258B00AB633C /* UIKit.framework */; };
		7F099CD6198D258B00AB633C /* InfoPlist.strings in Resources */ = {isa = PBXBuildFile; fileRef = 7F099CD4198D258B00AB633C /* InfoPlist.strings */; };
		7F099CD8198D258B00AB633C /* main.m in Sources */ = {isa = PBXBuildFile; fileRef = 7F099CD7198D258B00AB633C /* main.m */; };
		7F099CDC198D258B00AB633C /* CTAppDelegate.m in Sources */ = {isa = PBXBuildFile; fileRef = 7F099CDB198D258B00AB633C /* CTAppDelegate.m */; };
		7F099CDF198D258B00AB633C /* Main.storyboard in Resources */ = {isa = PBXBuildFile; fileRef = 7F099CDD198D258B00AB633C /* Main.storyboard */; };
		7F099CE2198D258B00AB633C /* CTViewController.m in Sources */ = {isa = PBXBuildFile; fileRef = 7F099CE1198D258B00AB633C /* CTViewController.m */; };
		7F099CE4198D258B00AB633C /* Images.xcassets in Resources */ = {isa = PBXBuildFile; fileRef = 7F099CE3198D258B00AB633C /* Images.xcassets */; };
		7F099CEB198D258B00AB633C /* XCTest.framework in Frameworks */ = {isa = PBXBuildFile; fileRef = 7F099CEA198D258B00AB633C /* XCTest.framework */; };
		7F099CEC198D258B00AB633C /* Foundation.framework in Frameworks */ = {isa = PBXBuildFile; fileRef = 7F099CCB198D258B00AB633C /* Foundation.framework */; };
		7F099CED198D258B00AB633C /* UIKit.framework in Frameworks */ = {isa = PBXBuildFile; fileRef = 7F099CCF198D258B00AB633C /* UIKit.framework */; };
		7F099CF5198D258B00AB633C /* InfoPlist.strings in Resources */ = {isa = PBXBuildFile; fileRef = 7F099CF3198D258B00AB633C /* InfoPlist.strings */; };
		7F099CF7198D258B00AB633C /* TestIos7Tests.m in Sources */ = {isa = PBXBuildFile; fileRef = 7F099CF6198D258B00AB633C /* TestIos7Tests.m */; };
/* End PBXBuildFile section */

/* Begin PBXContainerItemProxy section */
		7F099CEE198D258B00AB633C /* PBXContainerItemProxy */ = {
			isa = PBXContainerItemProxy;
			containerPortal = 7F099CC0198D258B00AB633C /* Project object */;
			proxyType = 1;
			remoteGlobalIDString = 7F099CC7198D258B00AB633C;
			remoteInfo = TestIos7;
		};
/* End PBXContainerItemProxy section */

/* Begin PBXFileReference section */
		7F099CC8198D258B00AB633C /* TestIos7.app */ = {isa = PBXFileReference; explicitFileType = wrapper.application; includeInIndex = 0; path = TestIos7.app; sourceTree = BUILT_PRODUCTS_DIR; };
		7F099CCB198D258B00AB633C /* Foundation.framework */ = {isa = PBXFileReference; lastKnownFileType = wrapper.framework; name = Foundation.framework; path = System/Library/Frameworks/Foundation.framework; sourceTree = SDKROOT; };
		7F099CCD198D258B00AB633C /* CoreGraphics.framework */ = {isa = PBXFileReference; lastKnownFileType = wrapper.framework; name = CoreGraphics.framework; path = System/Library/Frameworks/CoreGraphics.framework; sourceTree = SDKROOT; };
		7F099CCF198D258B00AB633C /* UIKit.framework */ = {isa = PBXFileReference; lastKnownFileType = wrapper.framework; name = UIKit.framework; path = System/Library/Frameworks/UIKit.framework; sourceTree = SDKROOT; };
		7F099CD3198D258B00AB633C /* TestIos7-Info.plist */ = {isa = PBXFileReference; lastKnownFileType = text.plist.xml; path = "TestIos7-Info.plist"; sourceTree = "<group>"; };
		7F099CD5198D258B00AB633C /* en */ = {isa = PBXFileReference; lastKnownFileType = text.plist.strings; name = en; path = en.lproj/InfoPlist.strings; sourceTree = "<group>"; };
		7F099CD7198D258B00AB633C /* main.m */ = {isa = PBXFileReference; lastKnownFileType = sourcecode.c.objc; path = main.m; sourceTree = "<group>"; };
		7F099CD9198D258B00AB633C /* TestIos7-Prefix.pch */ = {isa = PBXFileReference; lastKnownFileType = sourcecode.c.h; path = "TestIos7-Prefix.pch"; sourceTree = "<group>"; };
		7F099CDA198D258B00AB633C /* CTAppDelegate.h */ = {isa = PBXFileReference; lastKnownFileType = sourcecode.c.h; path = CTAppDelegate.h; sourceTree = "<group>"; };
		7F099CDB198D258B00AB633C /* CTAppDelegate.m */ = {isa = PBXFileReference; lastKnownFileType = sourcecode.c.objc; path = CTAppDelegate.m; sourceTree = "<group>"; };
		7F099CDE198D258B00AB633C /* Base */ = {isa = PBXFileReference; lastKnownFileType = file.storyboard; name = Base; path = Base.lproj/Main.storyboard; sourceTree = "<group>"; };
		7F099CE0198D258B00AB633C /* CTViewController.h */ = {isa = PBXFileReference; lastKnownFileType = sourcecode.c.h; path = CTViewController.h; sourceTree = "<group>"; };
		7F099CE1198D258B00AB633C /* CTViewController.m */ = {isa = PBXFileReference; lastKnownFileType = sourcecode.c.objc; path = CTViewController.m; sourceTree = "<group>"; };
		7F099CE3198D258B00AB633C /* Images.xcassets */ = {isa = PBXFileReference; lastKnownFileType = folder.assetcatalog; path = Images.xcassets; sourceTree = "<group>"; };
		7F099CE9198D258B00AB633C /* TestIos7Tests.xctest */ = {isa = PBXFileReference; explicitFileType = wrapper.cfbundle; includeInIndex = 0; path = TestIos7Tests.xctest; sourceTree = BUILT_PRODUCTS_DIR; };
		7F099CEA198D258B00AB633C /* XCTest.framework */ = {isa = PBXFileReference; lastKnownFileType = wrapper.framework; name = XCTest.framework; path = Library/Frameworks/XCTest.framework; sourceTree = DEVELOPER_DIR; };
		7F099CF2198D258B00AB633C /* TestIos7Tests-Info.plist */ = {isa = PBXFileReference; lastKnownFileType = text.plist.xml; path = "TestIos7Tests-Info.plist"; sourceTree = "<group>"; };
		7F099CF4198D258B00AB633C /* en */ = {isa = PBXFileReference; lastKnownFileType = text.plist.strings; name = en; path = en.lproj/InfoPlist.strings; sourceTree = "<group>"; };
		7F099CF6198D258B00AB633C /* TestIos7Tests.m */ = {isa = PBXFileReference; lastKnownFileType = sourcecode.c.objc; path = TestIos7Tests.m; sourceTree = "<group>"; };
/* End PBXFileReference section */

/* Begin PBXFrameworksBuildPhase section */
		7F099CC5198D258B00AB633C /* Frameworks */ = {
			isa = PBXFrameworksBuildPhase;
			buildActionMask = 2147483647;
			files = (
				7F099CCE198D258B00AB633C /* CoreGraphics.framework in Frameworks */,
				7F099CD0198D258B00AB633C /* UIKit.framework in Frameworks */,
				7F099CCC198D258B00AB633C /* Foundation.framework in Frameworks */,
			);
			runOnlyForDeploymentPostprocessing = 0;
		};
		7F099CE6198D258B00AB633C /* Frameworks */ = {
			isa = PBXFrameworksBuildPhase;
			buildActionMask = 2147483647;
			files = (
				7F099CEB198D258B00AB633C /* XCTest.framework in Frameworks */,
				7F099CED198D258B00AB633C /* UIKit.framework in Frameworks */,
				7F099CEC198D258B00AB633C /* Foundation.framework in Frameworks */,
			);
			runOnlyForDeploymentPostprocessing = 0;
		};
/* End PBXFrameworksBuildPhase section */

/* Begin PBXGroup section */
		7F099CBF198D258B00AB633C = {
			isa = PBXGroup;
			children = (
				7F099CD1198D258B00AB633C /* TestIos7 */,
				7F099CF0198D258B00AB633C /* TestIos7Tests */,
				7F099CCA198D258B00AB633C /* Frameworks */,
				7F099CC9198D258B00AB633C /* Products */,
			);
			sourceTree = "<group>";
		};
		7F099CC9198D258B00AB633C /* Products */ = {
			isa = PBXGroup;
			children = (
				7F099CC8198D258B00AB633C /* TestIos7.app */,
				7F099CE9198D258B00AB633C /* TestIos7Tests.xctest */,
			);
			name = Products;
			sourceTree = "<group>";
		};
		7F099CCA198D258B00AB633C /* Frameworks */ = {
			isa = PBXGroup;
			children = (
				7F099CCB198D258B00AB633C /* Foundation.framework */,
				7F099CCD198D258B00AB633C /* CoreGraphics.framework */,
				7F099CCF198D258B00AB633C /* UIKit.framework */,
				7F099CEA198D258B00AB633C /* XCTest.framework */,
			);
			name = Frameworks;
			sourceTree = "<group>";
		};
		7F099CD1198D258B00AB633C /* TestIos7 */ = {
			isa = PBXGroup;
			children = (
				7F099CDA198D258B00AB633C /* CTAppDelegate.h */,
				7F099CDB198D258B00AB633C /* CTAppDelegate.m */,
				7F099CDD198D258B00AB633C /* Main.storyboard */,
				7F099CE0198D258B00AB633C /* CTViewController.h */,
				7F099CE1198D258B00AB633C /* CTViewController.m */,
				7F099CE3198D258B00AB633C /* Images.xcassets */,
				7F099CD2198D258B00AB633C /* Supporting Files */,
			);
			path = TestIos7;
			sourceTree = "<group>";
		};
		7F099CD2198D258B00AB633C /* Supporting Files */ = {
			isa = PBXGroup;
			children = (
				7F099CD3198D258B00AB633C /* TestIos7-Info.plist */,
				7F099CD4198D258B00AB633C /* InfoPlist.strings */,
				7F099CD7198D258B00AB633C /* main.m */,
				7F099CD9198D258B00AB633C /* TestIos7-Prefix.pch */,
			);
			name = "Supporting Files";
			sourceTree = "<group>";
		};
		7F099CF0198D258B00AB633C /* TestIos7Tests */ = {
			isa = PBXGroup;
			children = (
				7F099CF6198D258B00AB633C /* TestIos7Tests.m */,
				7F099CF1198D258B00AB633C /* Supporting Files */,
			);
			path = TestIos7Tests;
			sourceTree = "<group>";
		};
		7F099CF1198D258B00AB633C /* Supporting Files */ = {
			isa = PBXGroup;
			children = (
				7F099CF2198D258B00AB633C /* TestIos7Tests-Info.plist */,
				7F099CF3198D258B00AB633C /* InfoPlist.strings */,
			);
			name = "Supporting Files";
			sourceTree = "<group>";
		};
/* End PBXGroup section */

/* Begin PBXNativeTarget section */
		7F099CC7198D258B00AB633C /* TestIos7 */ = {
			isa = PBXNativeTarget;
			buildConfigurationList = 7F099CFA198D258B00AB633C /* Build configuration list for PBXNativeTarget "TestIos7" */;
			buildPhases = (
				7F099CC4198D258B00AB633C /* Sources */,
				7F099CC5198D258B00AB633C /* Frameworks */,
				7F099CC6198D258B00AB633C /* Resources */,
			);
			buildRules = (
			);
			dependencies = (
			);
			name = TestIos7;
			productName = TestIos7;
			productReference = 7F099CC8198D258B00AB633C /* TestIos7.app */;
			productType = "com.apple.product-type.application";
		};
		7F099CE8198D258B00AB633C /* TestIos7Tests */ = {
			isa = PBXNativeTarget;
			buildConfigurationList = 7F099CFD198D258B00AB633C /* Build configuration list for PBXNativeTarget "TestIos7Tests" */;
			buildPhases = (
				7F099CE5198D258B00AB633C /* Sources */,
				7F099CE6198D258B00AB633C /* Frameworks */,
				7F099CE7198D258B00AB633C /* Resources */,
			);
			buildRules = (
			);
			dependencies = (
				7F099CEF198D258B00AB633C /* PBXTargetDependency */,
			);
			name = TestIos7Tests;
			productName = TestIos7Tests;
			productReference = 7F099CE9198D258B00AB633C /* TestIos7Tests.xctest */;
			productType = "com.apple.product-type.bundle.unit-test";
		};
/* End PBXNativeTarget section */

/* Begin PBXProject section */
		7F099CC0198D258B00AB633C /* Project object */ = {
			isa = PBXProject;
			attributes = {
				CLASSPREFIX = CT;
				LastUpgradeCheck = 0510;
				ORGANIZATIONNAME = WangChao;
				TargetAttributes = {
					7F099CE8198D258B00AB633C = {
						TestTargetID = 7F099CC7198D258B00AB633C;
					};
				};
			};
			buildConfigurationList = 7F099CC3198D258B00AB633C /* Build configuration list for PBXProject "TestIos7" */;
			compatibilityVersion = "Xcode 3.2";
			developmentRegion = English;
			hasScannedForEncodings = 0;
			knownRegions = (
				en,
				Base,
			);
			mainGroup = 7F099CBF198D258B00AB633C;
			productRefGroup = 7F099CC9198D258B00AB633C /* Products */;
			projectDirPath = "";
			projectRoot = "";
			targets = (
				7F099CC7198D258B00AB633C /* TestIos7 */,
				7F099CE8198D258B00AB633C /* TestIos7Tests */,
			);
		};
/* End PBXProject section */

/* Begin PBXResourcesBuildPhase section */
		7F099CC6198D258B00AB633C /* Resources */ = {
			isa = PBXResourcesBuildPhase;
			buildActionMask = 2147483647;
			files = (
				7F099CE4198D258B00AB633C /* Images.xcassets in Resources */,
				7F099CD6198D258B00AB633C /* InfoPlist.strings in Resources */,
				7F099CDF198D258B00AB633C /* Main.storyboard in Resources */,
			);
			runOnlyForDeploymentPostprocessing = 0;
		};
		7F099CE7198D258B00AB633C /* Resources */ = {
			isa = PBXResourcesBuildPhase;
			buildActionMask = 2147483647;
			files = (
				7F099CF5198D258B00AB633C /* InfoPlist.strings in Resources */,
			);
			runOnlyForDeploymentPostprocessing = 0;
		};
/* End PBXResourcesBuildPhase section */

/* Begin PBXSourcesBuildPhase section */
		7F099CC4198D258B00AB633C /* Sources */ = {
			isa = PBXSourcesBuildPhase;
			buildActionMask = 2147483647;
			files = (
				7F099CD8198D258B00AB633C /* main.m in Sources */,
				7F099CDC198D258B00AB633C /* CTAppDelegate.m in Sources */,
				7F099CE2198D258B00AB633C /* CTViewController.m in Sources */,
			);
			runOnlyForDeploymentPostprocessing = 0;
		};
		7F099CE5198D258B00AB633C /* Sources */ = {
			isa = PBXSourcesBuildPhase;
			buildActionMask = 2147483647;
			files = (
				7F099CF7198D258B00AB633C /* TestIos7Tests.m in Sources */,
			);
			runOnlyForDeploymentPostprocessing = 0;
		};
/* End PBXSourcesBuildPhase section */

/* Begin PBXTargetDependency section */
		7F099CEF198D258B00AB633C /* PBXTargetDependency */ = {
			isa = PBXTargetDependency;
			target = 7F099CC7198D258B00AB633C /* TestIos7 */;
			targetProxy = 7F099CEE198D258B00AB633C /* PBXContainerItemProxy */;
		};
/* End PBXTargetDependency section */

/* Begin PBXVariantGroup section */
		7F099CD4198D258B00AB633C /* InfoPlist.strings */ = {
			isa = PBXVariantGroup;
			children = (
				7F099CD5198D258B00AB633C /* en */,
			);
			name = InfoPlist.strings;
			sourceTree = "<group>";
		};
		7F099CDD198D258B00AB633C /* Main.storyboard */ = {
			isa = PBXVariantGroup;
			children = (
				7F099CDE198D258B00AB633C /* Base */,
			);
			name = Main.storyboard;
			sourceTree = "<group>";
		};
		7F099CF3198D258B00AB633C /* InfoPlist.strings */ = {
			isa = PBXVariantGroup;
			children = (
				7F099CF4198D258B00AB633C /* en */,
			);
			name = InfoPlist.strings;
			sourceTree = "<group>";
		};
/* End PBXVariantGroup section */

/* Begin XCBuildConfiguration section */
		7F099CF8198D258B00AB633C /* Debug */ = {
			isa = XCBuildConfiguration;
			buildSettings = {
				ALWAYS_SEARCH_USER_PATHS = NO;
				CLANG_CXX_LANGUAGE_STANDARD = "gnu++0x";
				CLANG_CXX_LIBRARY = "libc++";
				CLANG_ENABLE_MODULES = YES;
				CLANG_ENABLE_OBJC_ARC = YES;
				CLANG_WARN_BOOL_CONVERSION = YES;
				CLANG_WARN_CONSTANT_CONVERSION = YES;
				CLANG_WARN_DIRECT_OBJC_ISA_USAGE = YES_ERROR;
				CLANG_WARN_EMPTY_BODY = YES;
				CLANG_WARN_ENUM_CONVERSION = YES;
				CLANG_WARN_INT_CONVERSION = YES;
				CLANG_WARN_OBJC_ROOT_CLASS = YES_ERROR;
				CLANG_WARN__DUPLICATE_METHOD_MATCH = YES;
				"CODE_SIGN_IDENTITY[sdk=iphoneos*]" = "iPhone Developer";
				COPY_PHASE_STRIP = NO;
				GCC_C_LANGUAGE_STANDARD = gnu99;
				GCC_DYNAMIC_NO_PIC = NO;
				GCC_OPTIMIZATION_LEVEL = 0;
				GCC_PREPROCESSOR_DEFINITIONS = (
					"DEBUG=1",
					"$(inherited)",
				);
				GCC_SYMBOLS_PRIVATE_EXTERN = NO;
				GCC_WARN_64_TO_32_BIT_CONVERSION = YES;
				GCC_WARN_ABOUT_RETURN_TYPE = YES_ERROR;
				GCC_WARN_UNDECLARED_SELECTOR = YES;
				GCC_WARN_UNINITIALIZED_AUTOS = YES_AGGRESSIVE;
				GCC_WARN_UNUSED_FUNCTION = YES;
				GCC_WARN_UNUSED_VARIABLE = YES;
				IPHONEOS_DEPLOYMENT_TARGET = 7.1;
				ONLY_ACTIVE_ARCH = YES;
				SDKROOT = iphoneos;
			};
			name = Debug;
		};
		7F099CF9198D258B00AB633C /* Release */ = {
			isa = XCBuildConfiguration;
			buildSettings = {
				ALWAYS_SEARCH_USER_PATHS = NO;
				CLANG_CXX_LANGUAGE_STANDARD = "gnu++0x";
				CLANG_CXX_LIBRARY = "libc++";
				CLANG_ENABLE_MODULES = YES;
				CLANG_ENABLE_OBJC_ARC = YES;
				CLANG_WARN_BOOL_CONVERSION = YES;
				CLANG_WARN_CONSTANT_CONVERSION = YES;
				CLANG_WARN_DIRECT_OBJC_ISA_USAGE = YES_ERROR;
				CLANG_WARN_EMPTY_BODY = YES;
				CLANG_WARN_ENUM_CONVERSION = YES;
				CLANG_WARN_INT_CONVERSION = YES;
				CLANG_WARN_OBJC_ROOT_CLASS = YES_ERROR;
				CLANG_WARN__DUPLICATE_METHOD_MATCH = YES;
				"CODE_SIGN_IDENTITY[sdk=iphoneos*]" = "iPhone Developer";
				COPY_PHASE_STRIP = YES;
				ENABLE_NS_ASSERTIONS = NO;
				GCC_C_LANGUAGE_STANDARD = gnu99;
				GCC_WARN_64_TO_32_BIT_CONVERSION = YES;
				GCC_WARN_ABOUT_RETURN_TYPE = YES_ERROR;
				GCC_WARN_UNDECLARED_SELECTOR = YES;
				GCC_WARN_UNINITIALIZED_AUTOS = YES_AGGRESSIVE;
				GCC_WARN_UNUSED_FUNCTION = YES;
				GCC_WARN_UNUSED_VARIABLE = YES;
				IPHONEOS_DEPLOYMENT_TARGET = 7.1;
				SDKROOT = iphoneos;
				VALIDATE_PRODUCT = YES;
			};
			name = Release;
		};
		7F099CFB198D258B00AB633C /* Debug */ = {
			isa = XCBuildConfiguration;
			buildSettings = {
				ASSETCATALOG_COMPILER_APPICON_NAME = AppIcon;
				ASSETCATALOG_COMPILER_LAUNCHIMAGE_NAME = LaunchImage;
				GCC_PRECOMPILE_PREFIX_HEADER = YES;
				GCC_PREFIX_HEADER = "TestIos7/TestIos7-Prefix.pch";
				INFOPLIST_FILE = "TestIos7/TestIos7-Info.plist";
				PRODUCT_NAME = "$(TARGET_NAME)";
				WRAPPER_EXTENSION = app;
			};
			name = Debug;
		};
		7F099CFC198D258B00AB633C /* Release */ = {
			isa = XCBuildConfiguration;
			buildSettings = {
				ASSETCATALOG_COMPILER_APPICON_NAME = AppIcon;
				ASSETCATALOG_COMPILER_LAUNCHIMAGE_NAME = LaunchImage;
				GCC_PRECOMPILE_PREFIX_HEADER = YES;
				GCC_PREFIX_HEADER = "TestIos7/TestIos7-Prefix.pch";
				INFOPLIST_FILE = "TestIos7/TestIos7-Info.plist";
				PRODUCT_NAME = "$(TARGET_NAME)";
				WRAPPER_EXTENSION = app;
			};
			name = Release;
		};
		7F099CFE198D258B00AB633C /* Debug */ = {
			isa = XCBuildConfiguration;
			buildSettings = {
				BUNDLE_LOADER = "$(BUILT_PRODUCTS_DIR)/TestIos7.app/TestIos7";
				FRAMEWORK_SEARCH_PATHS = (
					"$(SDKROOT)/Developer/Library/Frameworks",
					"$(inherited)",
					"$(DEVELOPER_FRAMEWORKS_DIR)",
				);
				GCC_PRECOMPILE_PREFIX_HEADER = YES;
				GCC_PREFIX_HEADER = "TestIos7/TestIos7-Prefix.pch";
				GCC_PREPROCESSOR_DEFINITIONS = (
					"DEBUG=1",
					"$(inherited)",
				);
				INFOPLIST_FILE = "TestIos7Tests/TestIos7Tests-Info.plist";
				PRODUCT_NAME = "$(TARGET_NAME)";
				TEST_HOST = "$(BUNDLE_LOADER)";
				WRAPPER_EXTENSION = xctest;
			};
			name = Debug;
		};
		7F099CFF198D258B00AB633C /* Release */ = {
			isa = XCBuildConfiguration;
			buildSettings = {
				BUNDLE_LOADER = "$(BUILT_PRODUCTS_DIR)/TestIos7.app/TestIos7";
				FRAMEWORK_SEARCH_PATHS = (
					"$(SDKROOT)/Developer/Library/Frameworks",
					"$(inherited)",
					"$(DEVELOPER_FRAMEWORKS_DIR)",
				);
				GCC_PRECOMPILE_PREFIX_HEADER = YES;
				GCC_PREFIX_HEADER = "TestIos7/TestIos7-Prefix.pch";
				INFOPLIST_FILE = "TestIos7Tests/TestIos7Tests-Info.plist";
				PRODUCT_NAME = "$(TARGET_NAME)";
				TEST_HOST = "$(BUNDLE_LOADER)";
				WRAPPER_EXTENSION = xctest;
			};
			name = Release;
		};
/* End XCBuildConfiguration section */

/* Begin XCConfigurationList section */
		7F099CC3198D258B00AB633C /* Build configuration list for PBXProject "TestIos7" */ = {
			isa = XCConfigurationList;
			buildConfigurations = (
				7F099CF8198D258B00AB633C /* Debug */,
				7F099CF9198D258B00AB633C /* Release */,
			);
			defaultConfigurationIsVisible = 0;
			defaultConfigurationName = Release;
		};
		7F099CFA198D258B00AB633C /* Build configuration list for PBXNativeTarget "TestIos7" */ = {
			isa = XCConfigurationList;
			buildConfigurations = (
				7F099CFB198D258B00AB633C /* Debug */,
				7F099CFC198D258B00AB633C /* Release */,
			);
			defaultConfigurationIsVisible = 0;
			defaultConfigurationName = Release;
		};
		7F099CFD198D258B00AB633C /* Build configuration list for PBXNativeTarget "TestIos7Tests" */ = {
			isa = XCConfigurationList;
			buildConfigurations = (
				7F099CFE198D258B00AB633C /* Debug */,
				7F099CFF198D258B00AB633C /* Release */,
			);
			defaultConfigurationIsVisible = 0;
			defaultConfigurationName = Release;
		};
/* End XCConfigurationList section */
	};
	rootObject = 7F099CC0198D258B00AB633C /* Project object */;
}
