// !$*UTF8*$!
{
	archiveVersion = 1;
	classes = {
	};
	objectVersion = 46;
	objects = {

/* Begin PBXBuildFile section */
		7F1E6E5019528DEA00137B90 /* Foundation.framework in Frameworks */ = {isa = PBXBuildFile; fileRef = 7F1E6E4F19528DEA00137B90 /* Foundation.framework */; };
		7F1E6E5219528DEA00137B90 /* CoreGraphics.framework in Frameworks */ = {isa = PBXBuildFile; fileRef = 7F1E6E5119528DEA00137B90 /* CoreGraphics.framework */; };
		7F1E6E5419528DEA00137B90 /* UIKit.framework in Frameworks */ = {isa = PBXBuildFile; fileRef = 7F1E6E5319528DEA00137B90 /* UIKit.framework */; };
		7F1E6E5A19528DEA00137B90 /* InfoPlist.strings in Resources */ = {isa = PBXBuildFile; fileRef = 7F1E6E5819528DEA00137B90 /* InfoPlist.strings */; };
		7F1E6E5C19528DEA00137B90 /* main.m in Sources */ = {isa = PBXBuildFile; fileRef = 7F1E6E5B19528DEA00137B90 /* main.m */; };
		7F1E6E6019528DEA00137B90 /* CTAppDelegate.m in Sources */ = {isa = PBXBuildFile; fileRef = 7F1E6E5F19528DEA00137B90 /* CTAppDelegate.m */; };
		7F1E6E6619528DEA00137B90 /* CTViewController.m in Sources */ = {isa = PBXBuildFile; fileRef = 7F1E6E6519528DEA00137B90 /* CTViewController.m */; };
		7F1E6E6819528DEA00137B90 /* Images.xcassets in Resources */ = {isa = PBXBuildFile; fileRef = 7F1E6E6719528DEA00137B90 /* Images.xcassets */; };
		7F1E6E6F19528DEA00137B90 /* XCTest.framework in Frameworks */ = {isa = PBXBuildFile; fileRef = 7F1E6E6E19528DEA00137B90 /* XCTest.framework */; };
		7F1E6E7019528DEA00137B90 /* Foundation.framework in Frameworks */ = {isa = PBXBuildFile; fileRef = 7F1E6E4F19528DEA00137B90 /* Foundation.framework */; };
		7F1E6E7119528DEA00137B90 /* UIKit.framework in Frameworks */ = {isa = PBXBuildFile; fileRef = 7F1E6E5319528DEA00137B90 /* UIKit.framework */; };
		7F1E6E7919528DEA00137B90 /* InfoPlist.strings in Resources */ = {isa = PBXBuildFile; fileRef = 7F1E6E7719528DEA00137B90 /* InfoPlist.strings */; };
		7F1E6E7B19528DEA00137B90 /* loveConstraintsTests.m in Sources */ = {isa = PBXBuildFile; fileRef = 7F1E6E7A19528DEA00137B90 /* loveConstraintsTests.m */; };
		7F1E6E8519528E4000137B90 /* Application.xib in Resources */ = {isa = PBXBuildFile; fileRef = 7F1E6E8419528E4000137B90 /* Application.xib */; };
/* End PBXBuildFile section */

/* Begin PBXContainerItemProxy section */
		7F1E6E7219528DEA00137B90 /* PBXContainerItemProxy */ = {
			isa = PBXContainerItemProxy;
			containerPortal = 7F1E6E4419528DEA00137B90 /* Project object */;
			proxyType = 1;
			remoteGlobalIDString = 7F1E6E4B19528DEA00137B90;
			remoteInfo = loveConstraints;
		};
/* End PBXContainerItemProxy section */

/* Begin PBXFileReference section */
		7F1E6E4C19528DEA00137B90 /* loveConstraints.app */ = {isa = PBXFileReference; explicitFileType = wrapper.application; includeInIndex = 0; path = loveConstraints.app; sourceTree = BUILT_PRODUCTS_DIR; };
		7F1E6E4F19528DEA00137B90 /* Foundation.framework */ = {isa = PBXFileReference; lastKnownFileType = wrapper.framework; name = Foundation.framework; path = System/Library/Frameworks/Foundation.framework; sourceTree = SDKROOT; };
		7F1E6E5119528DEA00137B90 /* CoreGraphics.framework */ = {isa = PBXFileReference; lastKnownFileType = wrapper.framework; name = CoreGraphics.framework; path = System/Library/Frameworks/CoreGraphics.framework; sourceTree = SDKROOT; };
		7F1E6E5319528DEA00137B90 /* UIKit.framework */ = {isa = PBXFileReference; lastKnownFileType = wrapper.framework; name = UIKit.framework; path = System/Library/Frameworks/UIKit.framework; sourceTree = SDKROOT; };
		7F1E6E5719528DEA00137B90 /* loveConstraints-Info.plist */ = {isa = PBXFileReference; lastKnownFileType = text.plist.xml; path = "loveConstraints-Info.plist"; sourceTree = "<group>"; };
		7F1E6E5919528DEA00137B90 /* en */ = {isa = PBXFileReference; lastKnownFileType = text.plist.strings; name = en; path = en.lproj/InfoPlist.strings; sourceTree = "<group>"; };
		7F1E6E5B19528DEA00137B90 /* main.m */ = {isa = PBXFileReference; lastKnownFileType = sourcecode.c.objc; path = main.m; sourceTree = "<group>"; };
		7F1E6E5D19528DEA00137B90 /* loveConstraints-Prefix.pch */ = {isa = PBXFileReference; lastKnownFileType = sourcecode.c.h; path = "loveConstraints-Prefix.pch"; sourceTree = "<group>"; };
		7F1E6E5E19528DEA00137B90 /* CTAppDelegate.h */ = {isa = PBXFileReference; lastKnownFileType = sourcecode.c.h; path = CTAppDelegate.h; sourceTree = "<group>"; };
		7F1E6E5F19528DEA00137B90 /* CTAppDelegate.m */ = {isa = PBXFileReference; lastKnownFileType = sourcecode.c.objc; path = CTAppDelegate.m; sourceTree = "<group>"; };
		7F1E6E6419528DEA00137B90 /* CTViewController.h */ = {isa = PBXFileReference; lastKnownFileType = sourcecode.c.h; path = CTViewController.h; sourceTree = "<group>"; };
		7F1E6E6519528DEA00137B90 /* CTViewController.m */ = {isa = PBXFileReference; lastKnownFileType = sourcecode.c.objc; path = CTViewController.m; sourceTree = "<group>"; };
		7F1E6E6719528DEA00137B90 /* Images.xcassets */ = {isa = PBXFileReference; lastKnownFileType = folder.assetcatalog; path = Images.xcassets; sourceTree = "<group>"; };
		7F1E6E6D19528DEA00137B90 /* loveConstraintsTests.xctest */ = {isa = PBXFileReference; explicitFileType = wrapper.cfbundle; includeInIndex = 0; path = loveConstraintsTests.xctest; sourceTree = BUILT_PRODUCTS_DIR; };
		7F1E6E6E19528DEA00137B90 /* XCTest.framework */ = {isa = PBXFileReference; lastKnownFileType = wrapper.framework; name = XCTest.framework; path = Library/Frameworks/XCTest.framework; sourceTree = DEVELOPER_DIR; };
		7F1E6E7619528DEA00137B90 /* loveConstraintsTests-Info.plist */ = {isa = PBXFileReference; lastKnownFileType = text.plist.xml; path = "loveConstraintsTests-Info.plist"; sourceTree = "<group>"; };
		7F1E6E7819528DEA00137B90 /* en */ = {isa = PBXFileReference; lastKnownFileType = text.plist.strings; name = en; path = en.lproj/InfoPlist.strings; sourceTree = "<group>"; };
		7F1E6E7A19528DEA00137B90 /* loveConstraintsTests.m */ = {isa = PBXFileReference; lastKnownFileType = sourcecode.c.objc; path = loveConstraintsTests.m; sourceTree = "<group>"; };
		7F1E6E8419528E4000137B90 /* Application.xib */ = {isa = PBXFileReference; fileEncoding = 4; lastKnownFileType = file.xib; path = Application.xib; sourceTree = "<group>"; };
/* End PBXFileReference section */

/* Begin PBXFrameworksBuildPhase section */
		7F1E6E4919528DEA00137B90 /* Frameworks */ = {
			isa = PBXFrameworksBuildPhase;
			buildActionMask = 2147483647;
			files = (
				7F1E6E5219528DEA00137B90 /* CoreGraphics.framework in Frameworks */,
				7F1E6E5419528DEA00137B90 /* UIKit.framework in Frameworks */,
				7F1E6E5019528DEA00137B90 /* Foundation.framework in Frameworks */,
			);
			runOnlyForDeploymentPostprocessing = 0;
		};
		7F1E6E6A19528DEA00137B90 /* Frameworks */ = {
			isa = PBXFrameworksBuildPhase;
			buildActionMask = 2147483647;
			files = (
				7F1E6E6F19528DEA00137B90 /* XCTest.framework in Frameworks */,
				7F1E6E7119528DEA00137B90 /* UIKit.framework in Frameworks */,
				7F1E6E7019528DEA00137B90 /* Foundation.framework in Frameworks */,
			);
			runOnlyForDeploymentPostprocessing = 0;
		};
/* End PBXFrameworksBuildPhase section */

/* Begin PBXGroup section */
		7F1E6E4319528DEA00137B90 = {
			isa = PBXGroup;
			children = (
				7F1E6E5519528DEA00137B90 /* loveConstraints */,
				7F1E6E7419528DEA00137B90 /* loveConstraintsTests */,
				7F1E6E4E19528DEA00137B90 /* Frameworks */,
				7F1E6E4D19528DEA00137B90 /* Products */,
			);
			sourceTree = "<group>";
		};
		7F1E6E4D19528DEA00137B90 /* Products */ = {
			isa = PBXGroup;
			children = (
				7F1E6E4C19528DEA00137B90 /* loveConstraints.app */,
				7F1E6E6D19528DEA00137B90 /* loveConstraintsTests.xctest */,
			);
			name = Products;
			sourceTree = "<group>";
		};
		7F1E6E4E19528DEA00137B90 /* Frameworks */ = {
			isa = PBXGroup;
			children = (
				7F1E6E4F19528DEA00137B90 /* Foundation.framework */,
				7F1E6E5119528DEA00137B90 /* CoreGraphics.framework */,
				7F1E6E5319528DEA00137B90 /* UIKit.framework */,
				7F1E6E6E19528DEA00137B90 /* XCTest.framework */,
			);
			name = Frameworks;
			sourceTree = "<group>";
		};
		7F1E6E5519528DEA00137B90 /* loveConstraints */ = {
			isa = PBXGroup;
			children = (
				7F1E6E5E19528DEA00137B90 /* CTAppDelegate.h */,
				7F1E6E5F19528DEA00137B90 /* CTAppDelegate.m */,
				7F1E6E6419528DEA00137B90 /* CTViewController.h */,
				7F1E6E6519528DEA00137B90 /* CTViewController.m */,
				7F1E6E6719528DEA00137B90 /* Images.xcassets */,
				7F1E6E5619528DEA00137B90 /* Supporting Files */,
			);
			path = loveConstraints;
			sourceTree = "<group>";
		};
		7F1E6E5619528DEA00137B90 /* Supporting Files */ = {
			isa = PBXGroup;
			children = (
				7F1E6E5719528DEA00137B90 /* loveConstraints-Info.plist */,
				7F1E6E8419528E4000137B90 /* Application.xib */,
				7F1E6E5819528DEA00137B90 /* InfoPlist.strings */,
				7F1E6E5B19528DEA00137B90 /* main.m */,
				7F1E6E5D19528DEA00137B90 /* loveConstraints-Prefix.pch */,
			);
			name = "Supporting Files";
			sourceTree = "<group>";
		};
		7F1E6E7419528DEA00137B90 /* loveConstraintsTests */ = {
			isa = PBXGroup;
			children = (
				7F1E6E7A19528DEA00137B90 /* loveConstraintsTests.m */,
				7F1E6E7519528DEA00137B90 /* Supporting Files */,
			);
			path = loveConstraintsTests;
			sourceTree = "<group>";
		};
		7F1E6E7519528DEA00137B90 /* Supporting Files */ = {
			isa = PBXGroup;
			children = (
				7F1E6E7619528DEA00137B90 /* loveConstraintsTests-Info.plist */,
				7F1E6E7719528DEA00137B90 /* InfoPlist.strings */,
			);
			name = "Supporting Files";
			sourceTree = "<group>";
		};
/* End PBXGroup section */

/* Begin PBXNativeTarget section */
		7F1E6E4B19528DEA00137B90 /* loveConstraints */ = {
			isa = PBXNativeTarget;
			buildConfigurationList = 7F1E6E7E19528DEA00137B90 /* Build configuration list for PBXNativeTarget "loveConstraints" */;
			buildPhases = (
				7F1E6E4819528DEA00137B90 /* Sources */,
				7F1E6E4919528DEA00137B90 /* Frameworks */,
				7F1E6E4A19528DEA00137B90 /* Resources */,
			);
			buildRules = (
			);
			dependencies = (
			);
			name = loveConstraints;
			productName = loveConstraints;
			productReference = 7F1E6E4C19528DEA00137B90 /* loveConstraints.app */;
			productType = "com.apple.product-type.application";
		};
		7F1E6E6C19528DEA00137B90 /* loveConstraintsTests */ = {
			isa = PBXNativeTarget;
			buildConfigurationList = 7F1E6E8119528DEA00137B90 /* Build configuration list for PBXNativeTarget "loveConstraintsTests" */;
			buildPhases = (
				7F1E6E6919528DEA00137B90 /* Sources */,
				7F1E6E6A19528DEA00137B90 /* Frameworks */,
				7F1E6E6B19528DEA00137B90 /* Resources */,
			);
			buildRules = (
			);
			dependencies = (
				7F1E6E7319528DEA00137B90 /* PBXTargetDependency */,
			);
			name = loveConstraintsTests;
			productName = loveConstraintsTests;
			productReference = 7F1E6E6D19528DEA00137B90 /* loveConstraintsTests.xctest */;
			productType = "com.apple.product-type.bundle.unit-test";
		};
/* End PBXNativeTarget section */

/* Begin PBXProject section */
		7F1E6E4419528DEA00137B90 /* Project object */ = {
			isa = PBXProject;
			attributes = {
				CLASSPREFIX = CT;
				LastUpgradeCheck = 0510;
				ORGANIZATIONNAME = WangChao;
				TargetAttributes = {
					7F1E6E6C19528DEA00137B90 = {
						TestTargetID = 7F1E6E4B19528DEA00137B90;
					};
				};
			};
			buildConfigurationList = 7F1E6E4719528DEA00137B90 /* Build configuration list for PBXProject "loveConstraints" */;
			compatibilityVersion = "Xcode 3.2";
			developmentRegion = English;
			hasScannedForEncodings = 0;
			knownRegions = (
				en,
				Base,
			);
			mainGroup = 7F1E6E4319528DEA00137B90;
			productRefGroup = 7F1E6E4D19528DEA00137B90 /* Products */;
			projectDirPath = "";
			projectRoot = "";
			targets = (
				7F1E6E4B19528DEA00137B90 /* loveConstraints */,
				7F1E6E6C19528DEA00137B90 /* loveConstraintsTests */,
			);
		};
/* End PBXProject section */

/* Begin PBXResourcesBuildPhase section */
		7F1E6E4A19528DEA00137B90 /* Resources */ = {
			isa = PBXResourcesBuildPhase;
			buildActionMask = 2147483647;
			files = (
				7F1E6E6819528DEA00137B90 /* Images.xcassets in Resources */,
				7F1E6E5A19528DEA00137B90 /* InfoPlist.strings in Resources */,
				7F1E6E8519528E4000137B90 /* Application.xib in Resources */,
			);
			runOnlyForDeploymentPostprocessing = 0;
		};
		7F1E6E6B19528DEA00137B90 /* Resources */ = {
			isa = PBXResourcesBuildPhase;
			buildActionMask = 2147483647;
			files = (
				7F1E6E7919528DEA00137B90 /* InfoPlist.strings in Resources */,
			);
			runOnlyForDeploymentPostprocessing = 0;
		};
/* End PBXResourcesBuildPhase section */

/* Begin PBXSourcesBuildPhase section */
		7F1E6E4819528DEA00137B90 /* Sources */ = {
			isa = PBXSourcesBuildPhase;
			buildActionMask = 2147483647;
			files = (
				7F1E6E5C19528DEA00137B90 /* main.m in Sources */,
				7F1E6E6019528DEA00137B90 /* CTAppDelegate.m in Sources */,
				7F1E6E6619528DEA00137B90 /* CTViewController.m in Sources */,
			);
			runOnlyForDeploymentPostprocessing = 0;
		};
		7F1E6E6919528DEA00137B90 /* Sources */ = {
			isa = PBXSourcesBuildPhase;
			buildActionMask = 2147483647;
			files = (
				7F1E6E7B19528DEA00137B90 /* loveConstraintsTests.m in Sources */,
			);
			runOnlyForDeploymentPostprocessing = 0;
		};
/* End PBXSourcesBuildPhase section */

/* Begin PBXTargetDependency section */
		7F1E6E7319528DEA00137B90 /* PBXTargetDependency */ = {
			isa = PBXTargetDependency;
			target = 7F1E6E4B19528DEA00137B90 /* loveConstraints */;
			targetProxy = 7F1E6E7219528DEA00137B90 /* PBXContainerItemProxy */;
		};
/* End PBXTargetDependency section */

/* Begin PBXVariantGroup section */
		7F1E6E5819528DEA00137B90 /* InfoPlist.strings */ = {
			isa = PBXVariantGroup;
			children = (
				7F1E6E5919528DEA00137B90 /* en */,
			);
			name = InfoPlist.strings;
			sourceTree = "<group>";
		};
		7F1E6E7719528DEA00137B90 /* InfoPlist.strings */ = {
			isa = PBXVariantGroup;
			children = (
				7F1E6E7819528DEA00137B90 /* en */,
			);
			name = InfoPlist.strings;
			sourceTree = "<group>";
		};
/* End PBXVariantGroup section */

/* Begin XCBuildConfiguration section */
		7F1E6E7C19528DEA00137B90 /* Debug */ = {
			isa = XCBuildConfiguration;
			buildSettings = {
				ALWAYS_SEARCH_USER_PATHS = NO;
				CLANG_CXX_LANGUAGE_STANDARD = "gnu++0x";
				CLANG_CXX_LIBRARY = "libc++";
				CLANG_ENABLE_MODULES = YES;
				CLANG_ENABLE_OBJC_ARC = YES;
				CLANG_WARN_BOOL_CONVERSION = YES;
				CLANG_WARN_CONSTANT_CONVERSION = YES;
				CLANG_WARN_DIRECT_OBJC_ISA_USAGE = YES_ERROR;
				CLANG_WARN_EMPTY_BODY = YES;
				CLANG_WARN_ENUM_CONVERSION = YES;
				CLANG_WARN_INT_CONVERSION = YES;
				CLANG_WARN_OBJC_ROOT_CLASS = YES_ERROR;
				CLANG_WARN__DUPLICATE_METHOD_MATCH = YES;
				"CODE_SIGN_IDENTITY[sdk=iphoneos*]" = "iPhone Developer";
				COPY_PHASE_STRIP = NO;
				GCC_C_LANGUAGE_STANDARD = gnu99;
				GCC_DYNAMIC_NO_PIC = NO;
				GCC_OPTIMIZATION_LEVEL = 0;
				GCC_PREPROCESSOR_DEFINITIONS = (
					"DEBUG=1",
					"$(inherited)",
				);
				GCC_SYMBOLS_PRIVATE_EXTERN = NO;
				GCC_WARN_64_TO_32_BIT_CONVERSION = YES;
				GCC_WARN_ABOUT_RETURN_TYPE = YES_ERROR;
				GCC_WARN_UNDECLARED_SELECTOR = YES;
				GCC_WARN_UNINITIALIZED_AUTOS = YES_AGGRESSIVE;
				GCC_WARN_UNUSED_FUNCTION = YES;
				GCC_WARN_UNUSED_VARIABLE = YES;
				IPHONEOS_DEPLOYMENT_TARGET = 7.1;
				ONLY_ACTIVE_ARCH = YES;
				SDKROOT = iphoneos;
			};
			name = Debug;
		};
		7F1E6E7D19528DEA00137B90 /* Release */ = {
			isa = XCBuildConfiguration;
			buildSettings = {
				ALWAYS_SEARCH_USER_PATHS = NO;
				CLANG_CXX_LANGUAGE_STANDARD = "gnu++0x";
				CLANG_CXX_LIBRARY = "libc++";
				CLANG_ENABLE_MODULES = YES;
				CLANG_ENABLE_OBJC_ARC = YES;
				CLANG_WARN_BOOL_CONVERSION = YES;
				CLANG_WARN_CONSTANT_CONVERSION = YES;
				CLANG_WARN_DIRECT_OBJC_ISA_USAGE = YES_ERROR;
				CLANG_WARN_EMPTY_BODY = YES;
				CLANG_WARN_ENUM_CONVERSION = YES;
				CLANG_WARN_INT_CONVERSION = YES;
				CLANG_WARN_OBJC_ROOT_CLASS = YES_ERROR;
				CLANG_WARN__DUPLICATE_METHOD_MATCH = YES;
				"CODE_SIGN_IDENTITY[sdk=iphoneos*]" = "iPhone Developer";
				COPY_PHASE_STRIP = YES;
				ENABLE_NS_ASSERTIONS = NO;
				GCC_C_LANGUAGE_STANDARD = gnu99;
				GCC_WARN_64_TO_32_BIT_CONVERSION = YES;
				GCC_WARN_ABOUT_RETURN_TYPE = YES_ERROR;
				GCC_WARN_UNDECLARED_SELECTOR = YES;
				GCC_WARN_UNINITIALIZED_AUTOS = YES_AGGRESSIVE;
				GCC_WARN_UNUSED_FUNCTION = YES;
				GCC_WARN_UNUSED_VARIABLE = YES;
				IPHONEOS_DEPLOYMENT_TARGET = 7.1;
				SDKROOT = iphoneos;
				VALIDATE_PRODUCT = YES;
			};
			name = Release;
		};
		7F1E6E7F19528DEA00137B90 /* Debug */ = {
			isa = XCBuildConfiguration;
			buildSettings = {
				ASSETCATALOG_COMPILER_APPICON_NAME = AppIcon;
				ASSETCATALOG_COMPILER_LAUNCHIMAGE_NAME = LaunchImage;
				GCC_PRECOMPILE_PREFIX_HEADER = YES;
				GCC_PREFIX_HEADER = "loveConstraints/loveConstraints-Prefix.pch";
				INFOPLIST_FILE = "loveConstraints/loveConstraints-Info.plist";
				PRODUCT_NAME = "$(TARGET_NAME)";
				WRAPPER_EXTENSION = app;
			};
			name = Debug;
		};
		7F1E6E8019528DEA00137B90 /* Release */ = {
			isa = XCBuildConfiguration;
			buildSettings = {
				ASSETCATALOG_COMPILER_APPICON_NAME = AppIcon;
				ASSETCATALOG_COMPILER_LAUNCHIMAGE_NAME = LaunchImage;
				GCC_PRECOMPILE_PREFIX_HEADER = YES;
				GCC_PREFIX_HEADER = "loveConstraints/loveConstraints-Prefix.pch";
				INFOPLIST_FILE = "loveConstraints/loveConstraints-Info.plist";
				PRODUCT_NAME = "$(TARGET_NAME)";
				WRAPPER_EXTENSION = app;
			};
			name = Release;
		};
		7F1E6E8219528DEA00137B90 /* Debug */ = {
			isa = XCBuildConfiguration;
			buildSettings = {
				BUNDLE_LOADER = "$(BUILT_PRODUCTS_DIR)/loveConstraints.app/loveConstraints";
				FRAMEWORK_SEARCH_PATHS = (
					"$(SDKROOT)/Developer/Library/Frameworks",
					"$(inherited)",
					"$(DEVELOPER_FRAMEWORKS_DIR)",
				);
				GCC_PRECOMPILE_PREFIX_HEADER = YES;
				GCC_PREFIX_HEADER = "loveConstraints/loveConstraints-Prefix.pch";
				GCC_PREPROCESSOR_DEFINITIONS = (
					"DEBUG=1",
					"$(inherited)",
				);
				INFOPLIST_FILE = "loveConstraintsTests/loveConstraintsTests-Info.plist";
				PRODUCT_NAME = "$(TARGET_NAME)";
				TEST_HOST = "$(BUNDLE_LOADER)";
				WRAPPER_EXTENSION = xctest;
			};
			name = Debug;
		};
		7F1E6E8319528DEA00137B90 /* Release */ = {
			isa = XCBuildConfiguration;
			buildSettings = {
				BUNDLE_LOADER = "$(BUILT_PRODUCTS_DIR)/loveConstraints.app/loveConstraints";
				FRAMEWORK_SEARCH_PATHS = (
					"$(SDKROOT)/Developer/Library/Frameworks",
					"$(inherited)",
					"$(DEVELOPER_FRAMEWORKS_DIR)",
				);
				GCC_PRECOMPILE_PREFIX_HEADER = YES;
				GCC_PREFIX_HEADER = "loveConstraints/loveConstraints-Prefix.pch";
				INFOPLIST_FILE = "loveConstraintsTests/loveConstraintsTests-Info.plist";
				PRODUCT_NAME = "$(TARGET_NAME)";
				TEST_HOST = "$(BUNDLE_LOADER)";
				WRAPPER_EXTENSION = xctest;
			};
			name = Release;
		};
/* End XCBuildConfiguration section */

/* Begin XCConfigurationList section */
		7F1E6E4719528DEA00137B90 /* Build configuration list for PBXProject "loveConstraints" */ = {
			isa = XCConfigurationList;
			buildConfigurations = (
				7F1E6E7C19528DEA00137B90 /* Debug */,
				7F1E6E7D19528DEA00137B90 /* Release */,
			);
			defaultConfigurationIsVisible = 0;
			defaultConfigurationName = Release;
		};
		7F1E6E7E19528DEA00137B90 /* Build configuration list for PBXNativeTarget "loveConstraints" */ = {
			isa = XCConfigurationList;
			buildConfigurations = (
				7F1E6E7F19528DEA00137B90 /* Debug */,
				7F1E6E8019528DEA00137B90 /* Release */,
			);
			defaultConfigurationIsVisible = 0;
		};
		7F1E6E8119528DEA00137B90 /* Build configuration list for PBXNativeTarget "loveConstraintsTests" */ = {
			isa = XCConfigurationList;
			buildConfigurations = (
				7F1E6E8219528DEA00137B90 /* Debug */,
				7F1E6E8319528DEA00137B90 /* Release */,
			);
			defaultConfigurationIsVisible = 0;
		};
/* End XCConfigurationList section */
	};
	rootObject = 7F1E6E4419528DEA00137B90 /* Project object */;
}
