// !$*UTF8*$!
{
	archiveVersion = 1;
	classes = {
	};
	objectVersion = 46;
	objects = {

/* Begin PBXBuildFile section */
		7F3FDD2919566B3F00D233EF /* AppDelegate.swift in Sources */ = {isa = PBXBuildFile; fileRef = 7F3FDD2819566B3F00D233EF /* AppDelegate.swift */; };
		7F3FDD2B19566B3F00D233EF /* ViewController.swift in Sources */ = {isa = PBXBuildFile; fileRef = 7F3FDD2A19566B3F00D233EF /* ViewController.swift */; };
		7F3FDD2E19566B3F00D233EF /* Main.storyboard in Resources */ = {isa = PBXBuildFile; fileRef = 7F3FDD2C19566B3F00D233EF /* Main.storyboard */; };
		7F3FDD3019566B3F00D233EF /* Images.xcassets in Resources */ = {isa = PBXBuildFile; fileRef = 7F3FDD2F19566B3F00D233EF /* Images.xcassets */; };
		7F3FDD3C19566B4000D233EF /* WeatherTests.swift in Sources */ = {isa = PBXBuildFile; fileRef = 7F3FDD3B19566B4000D233EF /* WeatherTests.swift */; };
/* End PBXBuildFile section */

/* Begin PBXContainerItemProxy section */
		7F3FDD3619566B4000D233EF /* PBXContainerItemProxy */ = {
			isa = PBXContainerItemProxy;
			containerPortal = 7F3FDD1B19566B3E00D233EF /* Project object */;
			proxyType = 1;
			remoteGlobalIDString = 7F3FDD2219566B3E00D233EF;
			remoteInfo = Weather;
		};
/* End PBXContainerItemProxy section */

/* Begin PBXFileReference section */
		7F3FDD2319566B3F00D233EF /* Weather.app */ = {isa = PBXFileReference; explicitFileType = wrapper.application; includeInIndex = 0; path = Weather.app; sourceTree = BUILT_PRODUCTS_DIR; };
		7F3FDD2719566B3F00D233EF /* Info.plist */ = {isa = PBXFileReference; lastKnownFileType = text.plist.xml; path = Info.plist; sourceTree = "<group>"; };
		7F3FDD2819566B3F00D233EF /* AppDelegate.swift */ = {isa = PBXFileReference; lastKnownFileType = sourcecode.swift; path = AppDelegate.swift; sourceTree = "<group>"; };
		7F3FDD2A19566B3F00D233EF /* ViewController.swift */ = {isa = PBXFileReference; lastKnownFileType = sourcecode.swift; path = ViewController.swift; sourceTree = "<group>"; };
		7F3FDD2D19566B3F00D233EF /* Base */ = {isa = PBXFileReference; lastKnownFileType = file.storyboard; name = Base; path = Base.lproj/Main.storyboard; sourceTree = "<group>"; };
		7F3FDD2F19566B3F00D233EF /* Images.xcassets */ = {isa = PBXFileReference; lastKnownFileType = folder.assetcatalog; path = Images.xcassets; sourceTree = "<group>"; };
		7F3FDD3519566B4000D233EF /* WeatherTests.xctest */ = {isa = PBXFileReference; explicitFileType = wrapper.cfbundle; includeInIndex = 0; path = WeatherTests.xctest; sourceTree = BUILT_PRODUCTS_DIR; };
		7F3FDD3A19566B4000D233EF /* Info.plist */ = {isa = PBXFileReference; lastKnownFileType = text.plist.xml; path = Info.plist; sourceTree = "<group>"; };
		7F3FDD3B19566B4000D233EF /* WeatherTests.swift */ = {isa = PBXFileReference; lastKnownFileType = sourcecode.swift; path = WeatherTests.swift; sourceTree = "<group>"; };
/* End PBXFileReference section */

/* Begin PBXFrameworksBuildPhase section */
		7F3FDD2019566B3E00D233EF /* Frameworks */ = {
			isa = PBXFrameworksBuildPhase;
			buildActionMask = 2147483647;
			files = (
			);
			runOnlyForDeploymentPostprocessing = 0;
		};
		7F3FDD3219566B4000D233EF /* Frameworks */ = {
			isa = PBXFrameworksBuildPhase;
			buildActionMask = 2147483647;
			files = (
			);
			runOnlyForDeploymentPostprocessing = 0;
		};
/* End PBXFrameworksBuildPhase section */

/* Begin PBXGroup section */
		7F3FDD1A19566B3E00D233EF = {
			isa = PBXGroup;
			children = (
				7F3FDD2519566B3F00D233EF /* Weather */,
				7F3FDD3819566B4000D233EF /* WeatherTests */,
				7F3FDD2419566B3F00D233EF /* Products */,
			);
			sourceTree = "<group>";
		};
		7F3FDD2419566B3F00D233EF /* Products */ = {
			isa = PBXGroup;
			children = (
				7F3FDD2319566B3F00D233EF /* Weather.app */,
				7F3FDD3519566B4000D233EF /* WeatherTests.xctest */,
			);
			name = Products;
			sourceTree = "<group>";
		};
		7F3FDD2519566B3F00D233EF /* Weather */ = {
			isa = PBXGroup;
			children = (
				7F3FDD2819566B3F00D233EF /* AppDelegate.swift */,
				7F3FDD2A19566B3F00D233EF /* ViewController.swift */,
				7F3FDD2C19566B3F00D233EF /* Main.storyboard */,
				7F3FDD2F19566B3F00D233EF /* Images.xcassets */,
				7F3FDD2619566B3F00D233EF /* Supporting Files */,
			);
			path = Weather;
			sourceTree = "<group>";
		};
		7F3FDD2619566B3F00D233EF /* Supporting Files */ = {
			isa = PBXGroup;
			children = (
				7F3FDD2719566B3F00D233EF /* Info.plist */,
			);
			name = "Supporting Files";
			sourceTree = "<group>";
		};
		7F3FDD3819566B4000D233EF /* WeatherTests */ = {
			isa = PBXGroup;
			children = (
				7F3FDD3B19566B4000D233EF /* WeatherTests.swift */,
				7F3FDD3919566B4000D233EF /* Supporting Files */,
			);
			path = WeatherTests;
			sourceTree = "<group>";
		};
		7F3FDD3919566B4000D233EF /* Supporting Files */ = {
			isa = PBXGroup;
			children = (
				7F3FDD3A19566B4000D233EF /* Info.plist */,
			);
			name = "Supporting Files";
			sourceTree = "<group>";
		};
/* End PBXGroup section */

/* Begin PBXNativeTarget section */
		7F3FDD2219566B3E00D233EF /* Weather */ = {
			isa = PBXNativeTarget;
			buildConfigurationList = 7F3FDD3F19566B4000D233EF /* Build configuration list for PBXNativeTarget "Weather" */;
			buildPhases = (
				7F3FDD1F19566B3E00D233EF /* Sources */,
				7F3FDD2019566B3E00D233EF /* Frameworks */,
				7F3FDD2119566B3E00D233EF /* Resources */,
			);
			buildRules = (
			);
			dependencies = (
			);
			name = Weather;
			productName = Weather;
			productReference = 7F3FDD2319566B3F00D233EF /* Weather.app */;
			productType = "com.apple.product-type.application";
		};
		7F3FDD3419566B4000D233EF /* WeatherTests */ = {
			isa = PBXNativeTarget;
			buildConfigurationList = 7F3FDD4219566B4000D233EF /* Build configuration list for PBXNativeTarget "WeatherTests" */;
			buildPhases = (
				7F3FDD3119566B4000D233EF /* Sources */,
				7F3FDD3219566B4000D233EF /* Frameworks */,
				7F3FDD3319566B4000D233EF /* Resources */,
			);
			buildRules = (
			);
			dependencies = (
				7F3FDD3719566B4000D233EF /* PBXTargetDependency */,
			);
			name = WeatherTests;
			productName = WeatherTests;
			productReference = 7F3FDD3519566B4000D233EF /* WeatherTests.xctest */;
			productType = "com.apple.product-type.bundle.unit-test";
		};
/* End PBXNativeTarget section */

/* Begin PBXProject section */
		7F3FDD1B19566B3E00D233EF /* Project object */ = {
			isa = PBXProject;
			attributes = {
				LastUpgradeCheck = 0600;
				ORGANIZATIONNAME = WangChao;
				TargetAttributes = {
					7F3FDD2219566B3E00D233EF = {
						CreatedOnToolsVersion = 6.0;
					};
					7F3FDD3419566B4000D233EF = {
						CreatedOnToolsVersion = 6.0;
						TestTargetID = 7F3FDD2219566B3E00D233EF;
					};
				};
			};
			buildConfigurationList = 7F3FDD1E19566B3E00D233EF /* Build configuration list for PBXProject "Weather" */;
			compatibilityVersion = "Xcode 3.2";
			developmentRegion = English;
			hasScannedForEncodings = 0;
			knownRegions = (
				en,
				Base,
			);
			mainGroup = 7F3FDD1A19566B3E00D233EF;
			productRefGroup = 7F3FDD2419566B3F00D233EF /* Products */;
			projectDirPath = "";
			projectRoot = "";
			targets = (
				7F3FDD2219566B3E00D233EF /* Weather */,
				7F3FDD3419566B4000D233EF /* WeatherTests */,
			);
		};
/* End PBXProject section */

/* Begin PBXResourcesBuildPhase section */
		7F3FDD2119566B3E00D233EF /* Resources */ = {
			isa = PBXResourcesBuildPhase;
			buildActionMask = 2147483647;
			files = (
				7F3FDD2E19566B3F00D233EF /* Main.storyboard in Resources */,
				7F3FDD3019566B3F00D233EF /* Images.xcassets in Resources */,
			);
			runOnlyForDeploymentPostprocessing = 0;
		};
		7F3FDD3319566B4000D233EF /* Resources */ = {
			isa = PBXResourcesBuildPhase;
			buildActionMask = 2147483647;
			files = (
			);
			runOnlyForDeploymentPostprocessing = 0;
		};
/* End PBXResourcesBuildPhase section */

/* Begin PBXSourcesBuildPhase section */
		7F3FDD1F19566B3E00D233EF /* Sources */ = {
			isa = PBXSourcesBuildPhase;
			buildActionMask = 2147483647;
			files = (
				7F3FDD2B19566B3F00D233EF /* ViewController.swift in Sources */,
				7F3FDD2919566B3F00D233EF /* AppDelegate.swift in Sources */,
			);
			runOnlyForDeploymentPostprocessing = 0;
		};
		7F3FDD3119566B4000D233EF /* Sources */ = {
			isa = PBXSourcesBuildPhase;
			buildActionMask = 2147483647;
			files = (
				7F3FDD3C19566B4000D233EF /* WeatherTests.swift in Sources */,
			);
			runOnlyForDeploymentPostprocessing = 0;
		};
/* End PBXSourcesBuildPhase section */

/* Begin PBXTargetDependency section */
		7F3FDD3719566B4000D233EF /* PBXTargetDependency */ = {
			isa = PBXTargetDependency;
			target = 7F3FDD2219566B3E00D233EF /* Weather */;
			targetProxy = 7F3FDD3619566B4000D233EF /* PBXContainerItemProxy */;
		};
/* End PBXTargetDependency section */

/* Begin PBXVariantGroup section */
		7F3FDD2C19566B3F00D233EF /* Main.storyboard */ = {
			isa = PBXVariantGroup;
			children = (
				7F3FDD2D19566B3F00D233EF /* Base */,
			);
			name = Main.storyboard;
			sourceTree = "<group>";
		};
/* End PBXVariantGroup section */

/* Begin XCBuildConfiguration section */
		7F3FDD3D19566B4000D233EF /* Debug */ = {
			isa = XCBuildConfiguration;
			buildSettings = {
				ALWAYS_SEARCH_USER_PATHS = NO;
				CLANG_CXX_LANGUAGE_STANDARD = "gnu++0x";
				CLANG_CXX_LIBRARY = "libc++";
				CLANG_ENABLE_MODULES = YES;
				CLANG_ENABLE_OBJC_ARC = YES;
				CLANG_WARN_BOOL_CONVERSION = YES;
				CLANG_WARN_CONSTANT_CONVERSION = YES;
				CLANG_WARN_DIRECT_OBJC_ISA_USAGE = YES_ERROR;
				CLANG_WARN_EMPTY_BODY = YES;
				CLANG_WARN_ENUM_CONVERSION = YES;
				CLANG_WARN_INT_CONVERSION = YES;
				CLANG_WARN_OBJC_ROOT_CLASS = YES_ERROR;
				CLANG_WARN_UNREACHABLE_CODE = YES;
				CLANG_WARN__DUPLICATE_METHOD_MATCH = YES;
				"CODE_SIGN_IDENTITY[sdk=iphoneos*]" = "iPhone Developer";
				COPY_PHASE_STRIP = NO;
				ENABLE_STRICT_OBJC_MSGSEND = YES;
				GCC_C_LANGUAGE_STANDARD = gnu99;
				GCC_DYNAMIC_NO_PIC = NO;
				GCC_OPTIMIZATION_LEVEL = 0;
				GCC_PREPROCESSOR_DEFINITIONS = (
					"DEBUG=1",
					"$(inherited)",
				);
				GCC_SYMBOLS_PRIVATE_EXTERN = NO;
				GCC_WARN_64_TO_32_BIT_CONVERSION = YES;
				GCC_WARN_ABOUT_RETURN_TYPE = YES_ERROR;
				GCC_WARN_UNDECLARED_SELECTOR = YES;
				GCC_WARN_UNINITIALIZED_AUTOS = YES_AGGRESSIVE;
				GCC_WARN_UNUSED_FUNCTION = YES;
				GCC_WARN_UNUSED_VARIABLE = YES;
				IPHONEOS_DEPLOYMENT_TARGET = 8.0;
				METAL_ENABLE_DEBUG_INFO = YES;
				ONLY_ACTIVE_ARCH = YES;
				SDKROOT = iphoneos;
				SWIFT_OPTIMIZATION_LEVEL = "-Onone";
			};
			name = Debug;
		};
		7F3FDD3E19566B4000D233EF /* Release */ = {
			isa = XCBuildConfiguration;
			buildSettings = {
				ALWAYS_SEARCH_USER_PATHS = NO;
				CLANG_CXX_LANGUAGE_STANDARD = "gnu++0x";
				CLANG_CXX_LIBRARY = "libc++";
				CLANG_ENABLE_MODULES = YES;
				CLANG_ENABLE_OBJC_ARC = YES;
				CLANG_WARN_BOOL_CONVERSION = YES;
				CLANG_WARN_CONSTANT_CONVERSION = YES;
				CLANG_WARN_DIRECT_OBJC_ISA_USAGE = YES_ERROR;
				CLANG_WARN_EMPTY_BODY = YES;
				CLANG_WARN_ENUM_CONVERSION = YES;
				CLANG_WARN_INT_CONVERSION = YES;
				CLANG_WARN_OBJC_ROOT_CLASS = YES_ERROR;
				CLANG_WARN_UNREACHABLE_CODE = YES;
				CLANG_WARN__DUPLICATE_METHOD_MATCH = YES;
				"CODE_SIGN_IDENTITY[sdk=iphoneos*]" = "iPhone Developer";
				COPY_PHASE_STRIP = YES;
				ENABLE_NS_ASSERTIONS = NO;
				ENABLE_STRICT_OBJC_MSGSEND = YES;
				GCC_C_LANGUAGE_STANDARD = gnu99;
				GCC_WARN_64_TO_32_BIT_CONVERSION = YES;
				GCC_WARN_ABOUT_RETURN_TYPE = YES_ERROR;
				GCC_WARN_UNDECLARED_SELECTOR = YES;
				GCC_WARN_UNINITIALIZED_AUTOS = YES_AGGRESSIVE;
				GCC_WARN_UNUSED_FUNCTION = YES;
				GCC_WARN_UNUSED_VARIABLE = YES;
				IPHONEOS_DEPLOYMENT_TARGET = 8.0;
				METAL_ENABLE_DEBUG_INFO = NO;
				SDKROOT = iphoneos;
				VALIDATE_PRODUCT = YES;
			};
			name = Release;
		};
		7F3FDD4019566B4000D233EF /* Debug */ = {
			isa = XCBuildConfiguration;
			buildSettings = {
				ASSETCATALOG_COMPILER_APPICON_NAME = AppIcon;
				ASSETCATALOG_COMPILER_LAUNCHIMAGE_NAME = LaunchImage;
				INFOPLIST_FILE = Weather/Info.plist;
				LD_RUNPATH_SEARCH_PATHS = "$(inherited) @executable_path/Frameworks";
				PRODUCT_NAME = "$(TARGET_NAME)";
			};
			name = Debug;
		};
		7F3FDD4119566B4000D233EF /* Release */ = {
			isa = XCBuildConfiguration;
			buildSettings = {
				ASSETCATALOG_COMPILER_APPICON_NAME = AppIcon;
				ASSETCATALOG_COMPILER_LAUNCHIMAGE_NAME = LaunchImage;
				INFOPLIST_FILE = Weather/Info.plist;
				LD_RUNPATH_SEARCH_PATHS = "$(inherited) @executable_path/Frameworks";
				PRODUCT_NAME = "$(TARGET_NAME)";
			};
			name = Release;
		};
		7F3FDD4319566B4000D233EF /* Debug */ = {
			isa = XCBuildConfiguration;
			buildSettings = {
				BUNDLE_LOADER = "$(BUILT_PRODUCTS_DIR)/Weather.app/Weather";
				FRAMEWORK_SEARCH_PATHS = (
					"$(SDKROOT)/Developer/Library/Frameworks",
					"$(inherited)",
				);
				GCC_PREPROCESSOR_DEFINITIONS = (
					"DEBUG=1",
					"$(inherited)",
				);
				INFOPLIST_FILE = WeatherTests/Info.plist;
				LD_RUNPATH_SEARCH_PATHS = "$(inherited) @executable_path/Frameworks @loader_path/Frameworks";
				METAL_ENABLE_DEBUG_INFO = YES;
				PRODUCT_NAME = "$(TARGET_NAME)";
				TEST_HOST = "$(BUNDLE_LOADER)";
			};
			name = Debug;
		};
		7F3FDD4419566B4000D233EF /* Release */ = {
			isa = XCBuildConfiguration;
			buildSettings = {
				BUNDLE_LOADER = "$(BUILT_PRODUCTS_DIR)/Weather.app/Weather";
				FRAMEWORK_SEARCH_PATHS = (
					"$(SDKROOT)/Developer/Library/Frameworks",
					"$(inherited)",
				);
				INFOPLIST_FILE = WeatherTests/Info.plist;
				LD_RUNPATH_SEARCH_PATHS = "$(inherited) @executable_path/Frameworks @loader_path/Frameworks";
				METAL_ENABLE_DEBUG_INFO = NO;
				PRODUCT_NAME = "$(TARGET_NAME)";
				TEST_HOST = "$(BUNDLE_LOADER)";
			};
			name = Release;
		};
/* End XCBuildConfiguration section */

/* Begin XCConfigurationList section */
		7F3FDD1E19566B3E00D233EF /* Build configuration list for PBXProject "Weather" */ = {
			isa = XCConfigurationList;
			buildConfigurations = (
				7F3FDD3D19566B4000D233EF /* Debug */,
				7F3FDD3E19566B4000D233EF /* Release */,
			);
			defaultConfigurationIsVisible = 0;
			defaultConfigurationName = Release;
		};
		7F3FDD3F19566B4000D233EF /* Build configuration list for PBXNativeTarget "Weather" */ = {
			isa = XCConfigurationList;
			buildConfigurations = (
				7F3FDD4019566B4000D233EF /* Debug */,
				7F3FDD4119566B4000D233EF /* Release */,
			);
			defaultConfigurationIsVisible = 0;
		};
		7F3FDD4219566B4000D233EF /* Build configuration list for PBXNativeTarget "WeatherTests" */ = {
			isa = XCConfigurationList;
			buildConfigurations = (
				7F3FDD4319566B4000D233EF /* Debug */,
				7F3FDD4419566B4000D233EF /* Release */,
			);
			defaultConfigurationIsVisible = 0;
		};
/* End XCConfigurationList section */
	};
	rootObject = 7F3FDD1B19566B3E00D233EF /* Project object */;
}
